// !$*UTF8*$!
{
	archiveVersion = 1;
	classes = {
	};
	objectVersion = 56;
	objects = {

/* Begin PBXBuildFile section */
		7E1365292C2E98D700CB343D /* AppDelegate.swift in Sources */ = {isa = PBXBuildFile; fileRef = 7E1365282C2E98D700CB343D /* AppDelegate.swift */; };
		7E13652B2C2E98D700CB343D /* SceneDelegate.swift in Sources */ = {isa = PBXBuildFile; fileRef = 7E13652A2C2E98D700CB343D /* SceneDelegate.swift */; };
		7E13652D2C2E98D700CB343D /* ViewController.swift in Sources */ = {isa = PBXBuildFile; fileRef = 7E13652C2C2E98D700CB343D /* ViewController.swift */; };
		7E1365302C2E98D700CB343D /* Main.storyboard in Resources */ = {isa = PBXBuildFile; fileRef = 7E13652E2C2E98D700CB343D /* Main.storyboard */; };
		7E1365322C2E98D800CB343D /* Assets.xcassets in Resources */ = {isa = PBXBuildFile; fileRef = 7E1365312C2E98D800CB343D /* Assets.xcassets */; };
		7E1365352C2E98D800CB343D /* LaunchScreen.storyboard in Resources */ = {isa = PBXBuildFile; fileRef = 7E1365332C2E98D800CB343D /* LaunchScreen.storyboard */; };
		7E1365402C2E98D800CB343D /* ViewControllerTests.swift in Sources */ = {isa = PBXBuildFile; fileRef = 7E13653F2C2E98D800CB343D /* ViewControllerTests.swift */; };
		7E13654A2C2E98D800CB343D /* ViewControllerUITests.swift in Sources */ = {isa = PBXBuildFile; fileRef = 7E1365492C2E98D800CB343D /* ViewControllerUITests.swift */; };
		7E13654C2C2E98D800CB343D /* ViewControllerUITestsLaunchTests.swift in Sources */ = {isa = PBXBuildFile; fileRef = 7E13654B2C2E98D800CB343D /* ViewControllerUITestsLaunchTests.swift */; };
		7E13655A2C2EBCE700CB343D /* TextTableViewCell.swift in Sources */ = {isa = PBXBuildFile; fileRef = 7E1365582C2EBCE600CB343D /* TextTableViewCell.swift */; };
		7E13655B2C2EBCE700CB343D /* TextTableViewCell.xib in Resources */ = {isa = PBXBuildFile; fileRef = 7E1365592C2EBCE600CB343D /* TextTableViewCell.xib */; };
		7E13655E2C2EBD0400CB343D /* ImageTableViewCell.swift in Sources */ = {isa = PBXBuildFile; fileRef = 7E13655C2C2EBD0400CB343D /* ImageTableViewCell.swift */; };
		7E13655F2C2EBD0400CB343D /* ImageTableViewCell.xib in Resources */ = {isa = PBXBuildFile; fileRef = 7E13655D2C2EBD0400CB343D /* ImageTableViewCell.xib */; };
		7E1365622C2EBD2800CB343D /* ButtonTableViewCell.swift in Sources */ = {isa = PBXBuildFile; fileRef = 7E1365602C2EBD2800CB343D /* ButtonTableViewCell.swift */; };
		7E1365632C2EBD2800CB343D /* ButtonTableViewCell.xib in Resources */ = {isa = PBXBuildFile; fileRef = 7E1365612C2EBD2800CB343D /* ButtonTableViewCell.xib */; };
/* End PBXBuildFile section */

/* Begin PBXContainerItemProxy section */
		7E13653C2C2E98D800CB343D /* PBXContainerItemProxy */ = {
			isa = PBXContainerItemProxy;
			containerPortal = 7E13651D2C2E98D700CB343D /* Project object */;
			proxyType = 1;
			remoteGlobalIDString = 7E1365242C2E98D700CB343D;
			remoteInfo = ViewController;
		};
		7E1365462C2E98D800CB343D /* PBXContainerItemProxy */ = {
			isa = PBXContainerItemProxy;
			containerPortal = 7E13651D2C2E98D700CB343D /* Project object */;
			proxyType = 1;
			remoteGlobalIDString = 7E1365242C2E98D700CB343D;
			remoteInfo = ViewController;
		};
/* End PBXContainerItemProxy section */

/* Begin PBXFileReference section */
		7E1365252C2E98D700CB343D /* ViewController.app */ = {isa = PBXFileReference; explicitFileType = wrapper.application; includeInIndex = 0; path = ViewController.app; sourceTree = BUILT_PRODUCTS_DIR; };
		7E1365282C2E98D700CB343D /* AppDelegate.swift */ = {isa = PBXFileReference; lastKnownFileType = sourcecode.swift; path = AppDelegate.swift; sourceTree = "<group>"; };
		7E13652A2C2E98D700CB343D /* SceneDelegate.swift */ = {isa = PBXFileReference; lastKnownFileType = sourcecode.swift; path = SceneDelegate.swift; sourceTree = "<group>"; };
		7E13652C2C2E98D700CB343D /* ViewController.swift */ = {isa = PBXFileReference; lastKnownFileType = sourcecode.swift; path = ViewController.swift; sourceTree = "<group>"; };
		7E13652F2C2E98D700CB343D /* Base */ = {isa = PBXFileReference; lastKnownFileType = file.storyboard; name = Base; path = Base.lproj/Main.storyboard; sourceTree = "<group>"; };
		7E1365312C2E98D800CB343D /* Assets.xcassets */ = {isa = PBXFileReference; lastKnownFileType = folder.assetcatalog; path = Assets.xcassets; sourceTree = "<group>"; };
		7E1365342C2E98D800CB343D /* Base */ = {isa = PBXFileReference; lastKnownFileType = file.storyboard; name = Base; path = Base.lproj/LaunchScreen.storyboard; sourceTree = "<group>"; };
		7E1365362C2E98D800CB343D /* Info.plist */ = {isa = PBXFileReference; lastKnownFileType = text.plist.xml; path = Info.plist; sourceTree = "<group>"; };
		7E13653B2C2E98D800CB343D /* ViewControllerTests.xctest */ = {isa = PBXFileReference; explicitFileType = wrapper.cfbundle; includeInIndex = 0; path = ViewControllerTests.xctest; sourceTree = BUILT_PRODUCTS_DIR; };
		7E13653F2C2E98D800CB343D /* ViewControllerTests.swift */ = {isa = PBXFileReference; lastKnownFileType = sourcecode.swift; path = ViewControllerTests.swift; sourceTree = "<group>"; };
		7E1365452C2E98D800CB343D /* ViewControllerUITests.xctest */ = {isa = PBXFileReference; explicitFileType = wrapper.cfbundle; includeInIndex = 0; path = ViewControllerUITests.xctest; sourceTree = BUILT_PRODUCTS_DIR; };
		7E1365492C2E98D800CB343D /* ViewControllerUITests.swift */ = {isa = PBXFileReference; lastKnownFileType = sourcecode.swift; path = ViewControllerUITests.swift; sourceTree = "<group>"; };
		7E13654B2C2E98D800CB343D /* ViewControllerUITestsLaunchTests.swift */ = {isa = PBXFileReference; lastKnownFileType = sourcecode.swift; path = ViewControllerUITestsLaunchTests.swift; sourceTree = "<group>"; };
		7E1365582C2EBCE600CB343D /* TextTableViewCell.swift */ = {isa = PBXFileReference; lastKnownFileType = sourcecode.swift; path = TextTableViewCell.swift; sourceTree = "<group>"; };
		7E1365592C2EBCE600CB343D /* TextTableViewCell.xib */ = {isa = PBXFileReference; lastKnownFileType = file.xib; path = TextTableViewCell.xib; sourceTree = "<group>"; };
		7E13655C2C2EBD0400CB343D /* ImageTableViewCell.swift */ = {isa = PBXFileReference; lastKnownFileType = sourcecode.swift; path = ImageTableViewCell.swift; sourceTree = "<group>"; };
		7E13655D2C2EBD0400CB343D /* ImageTableViewCell.xib */ = {isa = PBXFileReference; lastKnownFileType = file.xib; path = ImageTableViewCell.xib; sourceTree = "<group>"; };
		7E1365602C2EBD2800CB343D /* ButtonTableViewCell.swift */ = {isa = PBXFileReference; lastKnownFileType = sourcecode.swift; path = ButtonTableViewCell.swift; sourceTree = "<group>"; };
		7E1365612C2EBD2800CB343D /* ButtonTableViewCell.xib */ = {isa = PBXFileReference; lastKnownFileType = file.xib; path = ButtonTableViewCell.xib; sourceTree = "<group>"; };
/* End PBXFileReference section */

/* Begin PBXFrameworksBuildPhase section */
		7E1365222C2E98D700CB343D /* Frameworks */ = {
			isa = PBXFrameworksBuildPhase;
			buildActionMask = 2147483647;
			files = (
			);
			runOnlyForDeploymentPostprocessing = 0;
		};
		7E1365382C2E98D800CB343D /* Frameworks */ = {
			isa = PBXFrameworksBuildPhase;
			buildActionMask = 2147483647;
			files = (
			);
			runOnlyForDeploymentPostprocessing = 0;
		};
		7E1365422C2E98D800CB343D /* Frameworks */ = {
			isa = PBXFrameworksBuildPhase;
			buildActionMask = 2147483647;
			files = (
			);
			runOnlyForDeploymentPostprocessing = 0;
		};
/* End PBXFrameworksBuildPhase section */

/* Begin PBXGroup section */
		7E13651C2C2E98D700CB343D = {
			isa = PBXGroup;
			children = (
				7E1365272C2E98D700CB343D /* ViewController */,
				7E13653E2C2E98D800CB343D /* ViewControllerTests */,
				7E1365482C2E98D800CB343D /* ViewControllerUITests */,
				7E1365262C2E98D700CB343D /* Products */,
			);
			sourceTree = "<group>";
		};
		7E1365262C2E98D700CB343D /* Products */ = {
			isa = PBXGroup;
			children = (
				7E1365252C2E98D700CB343D /* ViewController.app */,
				7E13653B2C2E98D800CB343D /* ViewControllerTests.xctest */,
				7E1365452C2E98D800CB343D /* ViewControllerUITests.xctest */,
			);
			name = Products;
			sourceTree = "<group>";
		};
		7E1365272C2E98D700CB343D /* ViewController */ = {
			isa = PBXGroup;
			children = (
				7E1365282C2E98D700CB343D /* AppDelegate.swift */,
				7E13652C2C2E98D700CB343D /* ViewController.swift */,
				7E1365582C2EBCE600CB343D /* TextTableViewCell.swift */,
				7E13655C2C2EBD0400CB343D /* ImageTableViewCell.swift */,
				7E1365602C2EBD2800CB343D /* ButtonTableViewCell.swift */,
				7E13652A2C2E98D700CB343D /* SceneDelegate.swift */,
				7E13652E2C2E98D700CB343D /* Main.storyboard */,
				7E1365592C2EBCE600CB343D /* TextTableViewCell.xib */,
				7E13655D2C2EBD0400CB343D /* ImageTableViewCell.xib */,
				7E1365612C2EBD2800CB343D /* ButtonTableViewCell.xib */,
				7E1365312C2E98D800CB343D /* Assets.xcassets */,
				7E1365332C2E98D800CB343D /* LaunchScreen.storyboard */,
				7E1365362C2E98D800CB343D /* Info.plist */,
			);
			path = ViewController;
			sourceTree = "<group>";
		};
		7E13653E2C2E98D800CB343D /* ViewControllerTests */ = {
			isa = PBXGroup;
			children = (
				7E13653F2C2E98D800CB343D /* ViewControllerTests.swift */,
			);
			path = ViewControllerTests;
			sourceTree = "<group>";
		};
		7E1365482C2E98D800CB343D /* ViewControllerUITests */ = {
			isa = PBXGroup;
			children = (
				7E1365492C2E98D800CB343D /* ViewControllerUITests.swift */,
				7E13654B2C2E98D800CB343D /* ViewControllerUITestsLaunchTests.swift */,
			);
			path = ViewControllerUITests;
			sourceTree = "<group>";
		};
/* End PBXGroup section */

/* Begin PBXNativeTarget section */
		7E1365242C2E98D700CB343D /* ViewController */ = {
			isa = PBXNativeTarget;
			buildConfigurationList = 7E13654F2C2E98D800CB343D /* Build configuration list for PBXNativeTarget "ViewController" */;
			buildPhases = (
				7E1365212C2E98D700CB343D /* Sources */,
				7E1365222C2E98D700CB343D /* Frameworks */,
				7E1365232C2E98D700CB343D /* Resources */,
			);
			buildRules = (
			);
			dependencies = (
			);
			name = ViewController;
			productName = ViewController;
			productReference = 7E1365252C2E98D700CB343D /* ViewController.app */;
			productType = "com.apple.product-type.application";
		};
		7E13653A2C2E98D800CB343D /* ViewControllerTests */ = {
			isa = PBXNativeTarget;
			buildConfigurationList = 7E1365522C2E98D800CB343D /* Build configuration list for PBXNativeTarget "ViewControllerTests" */;
			buildPhases = (
				7E1365372C2E98D800CB343D /* Sources */,
				7E1365382C2E98D800CB343D /* Frameworks */,
				7E1365392C2E98D800CB343D /* Resources */,
			);
			buildRules = (
			);
			dependencies = (
				7E13653D2C2E98D800CB343D /* PBXTargetDependency */,
			);
			name = ViewControllerTests;
			productName = ViewControllerTests;
			productReference = 7E13653B2C2E98D800CB343D /* ViewControllerTests.xctest */;
			productType = "com.apple.product-type.bundle.unit-test";
		};
		7E1365442C2E98D800CB343D /* ViewControllerUITests */ = {
			isa = PBXNativeTarget;
			buildConfigurationList = 7E1365552C2E98D800CB343D /* Build configuration list for PBXNativeTarget "ViewControllerUITests" */;
			buildPhases = (
				7E1365412C2E98D800CB343D /* Sources */,
				7E1365422C2E98D800CB343D /* Frameworks */,
				7E1365432C2E98D800CB343D /* Resources */,
			);
			buildRules = (
			);
			dependencies = (
				7E1365472C2E98D800CB343D /* PBXTargetDependency */,
			);
			name = ViewControllerUITests;
			productName = ViewControllerUITests;
			productReference = 7E1365452C2E98D800CB343D /* ViewControllerUITests.xctest */;
			productType = "com.apple.product-type.bundle.ui-testing";
		};
/* End PBXNativeTarget section */

/* Begin PBXProject section */
		7E13651D2C2E98D700CB343D /* Project object */ = {
			isa = PBXProject;
			attributes = {
				BuildIndependentTargetsInParallel = 1;
				LastSwiftUpdateCheck = 1500;
				LastUpgradeCheck = 1500;
				TargetAttributes = {
					7E1365242C2E98D700CB343D = {
						CreatedOnToolsVersion = 15.0.1;
					};
					7E13653A2C2E98D800CB343D = {
						CreatedOnToolsVersion = 15.0.1;
						TestTargetID = 7E1365242C2E98D700CB343D;
					};
					7E1365442C2E98D800CB343D = {
						CreatedOnToolsVersion = 15.0.1;
						TestTargetID = 7E1365242C2E98D700CB343D;
					};
				};
			};
			buildConfigurationList = 7E1365202C2E98D700CB343D /* Build configuration list for PBXProject "ViewController" */;
			compatibilityVersion = "Xcode 14.0";
			developmentRegion = en;
			hasScannedForEncodings = 0;
			knownRegions = (
				en,
				Base,
			);
			mainGroup = 7E13651C2C2E98D700CB343D;
			productRefGroup = 7E1365262C2E98D700CB343D /* Products */;
			projectDirPath = "";
			projectRoot = "";
			targets = (
				7E1365242C2E98D700CB343D /* ViewController */,
				7E13653A2C2E98D800CB343D /* ViewControllerTests */,
				7E1365442C2E98D800CB343D /* ViewControllerUITests */,
			);
		};
/* End PBXProject section */

/* Begin PBXResourcesBuildPhase section */
		7E1365232C2E98D700CB343D /* Resources */ = {
			isa = PBXResourcesBuildPhase;
			buildActionMask = 2147483647;
			files = (
				7E13655F2C2EBD0400CB343D /* ImageTableViewCell.xib in Resources */,
				7E1365632C2EBD2800CB343D /* ButtonTableViewCell.xib in Resources */,
				7E1365352C2E98D800CB343D /* LaunchScreen.storyboard in Resources */,
				7E1365322C2E98D800CB343D /* Assets.xcassets in Resources */,
				7E13655B2C2EBCE700CB343D /* TextTableViewCell.xib in Resources */,
				7E1365302C2E98D700CB343D /* Main.storyboard in Resources */,
			);
			runOnlyForDeploymentPostprocessing = 0;
		};
		7E1365392C2E98D800CB343D /* Resources */ = {
			isa = PBXResourcesBuildPhase;
			buildActionMask = 2147483647;
			files = (
			);
			runOnlyForDeploymentPostprocessing = 0;
		};
		7E1365432C2E98D800CB343D /* Resources */ = {
			isa = PBXResourcesBuildPhase;
			buildActionMask = 2147483647;
			files = (
			);
			runOnlyForDeploymentPostprocessing = 0;
		};
/* End PBXResourcesBuildPhase section */

/* Begin PBXSourcesBuildPhase section */
		7E1365212C2E98D700CB343D /* Sources */ = {
			isa = PBXSourcesBuildPhase;
			buildActionMask = 2147483647;
			files = (
				7E13652D2C2E98D700CB343D /* ViewController.swift in Sources */,
				7E1365292C2E98D700CB343D /* AppDelegate.swift in Sources */,
				7E13655E2C2EBD0400CB343D /* ImageTableViewCell.swift in Sources */,
				7E1365622C2EBD2800CB343D /* ButtonTableViewCell.swift in Sources */,
				7E13655A2C2EBCE700CB343D /* TextTableViewCell.swift in Sources */,
				7E13652B2C2E98D700CB343D /* SceneDelegate.swift in Sources */,
			);
			runOnlyForDeploymentPostprocessing = 0;
		};
		7E1365372C2E98D800CB343D /* Sources */ = {
			isa = PBXSourcesBuildPhase;
			buildActionMask = 2147483647;
			files = (
				7E1365402C2E98D800CB343D /* ViewControllerTests.swift in Sources */,
			);
			runOnlyForDeploymentPostprocessing = 0;
		};
		7E1365412C2E98D800CB343D /* Sources */ = {
			isa = PBXSourcesBuildPhase;
			buildActionMask = 2147483647;
			files = (
				7E13654A2C2E98D800CB343D /* ViewControllerUITests.swift in Sources */,
				7E13654C2C2E98D800CB343D /* ViewControllerUITestsLaunchTests.swift in Sources */,
			);
			runOnlyForDeploymentPostprocessing = 0;
		};
/* End PBXSourcesBuildPhase section */

/* Begin PBXTargetDependency section */
		7E13653D2C2E98D800CB343D /* PBXTargetDependency */ = {
			isa = PBXTargetDependency;
			target = 7E1365242C2E98D700CB343D /* ViewController */;
			targetProxy = 7E13653C2C2E98D800CB343D /* PBXContainerItemProxy */;
		};
		7E1365472C2E98D800CB343D /* PBXTargetDependency */ = {
			isa = PBXTargetDependency;
			target = 7E1365242C2E98D700CB343D /* ViewController */;
			targetProxy = 7E1365462C2E98D800CB343D /* PBXContainerItemProxy */;
		};
/* End PBXTargetDependency section */

/* Begin PBXVariantGroup section */
		7E13652E2C2E98D700CB343D /* Main.storyboard */ = {
			isa = PBXVariantGroup;
			children = (
				7E13652F2C2E98D700CB343D /* Base */,
			);
			name = Main.storyboard;
			sourceTree = "<group>";
		};
		7E1365332C2E98D800CB343D /* LaunchScreen.storyboard */ = {
			isa = PBXVariantGroup;
			children = (
				7E1365342C2E98D800CB343D /* Base */,
			);
			name = LaunchScreen.storyboard;
			sourceTree = "<group>";
		};
/* End PBXVariantGroup section */

/* Begin XCBuildConfiguration section */
		7E13654D2C2E98D800CB343D /* Debug */ = {
			isa = XCBuildConfiguration;
			buildSettings = {
				ALWAYS_SEARCH_USER_PATHS = NO;
				ASSETCATALOG_COMPILER_GENERATE_SWIFT_ASSET_SYMBOL_EXTENSIONS = YES;
				CLANG_ANALYZER_NONNULL = YES;
				CLANG_ANALYZER_NUMBER_OBJECT_CONVERSION = YES_AGGRESSIVE;
				CLANG_CXX_LANGUAGE_STANDARD = "gnu++20";
				CLANG_ENABLE_MODULES = YES;
				CLANG_ENABLE_OBJC_ARC = YES;
				CLANG_ENABLE_OBJC_WEAK = YES;
				CLANG_WARN_BLOCK_CAPTURE_AUTORELEASING = YES;
				CLANG_WARN_BOOL_CONVERSION = YES;
				CLANG_WARN_COMMA = YES;
				CLANG_WARN_CONSTANT_CONVERSION = YES;
				CLANG_WARN_DEPRECATED_OBJC_IMPLEMENTATIONS = YES;
				CLANG_WARN_DIRECT_OBJC_ISA_USAGE = YES_ERROR;
				CLANG_WARN_DOCUMENTATION_COMMENTS = YES;
				CLANG_WARN_EMPTY_BODY = YES;
				CLANG_WARN_ENUM_CONVERSION = YES;
				CLANG_WARN_INFINITE_RECURSION = YES;
				CLANG_WARN_INT_CONVERSION = YES;
				CLANG_WARN_NON_LITERAL_NULL_CONVERSION = YES;
				CLANG_WARN_OBJC_IMPLICIT_RETAIN_SELF = YES;
				CLANG_WARN_OBJC_LITERAL_CONVERSION = YES;
				CLANG_WARN_OBJC_ROOT_CLASS = YES_ERROR;
				CLANG_WARN_QUOTED_INCLUDE_IN_FRAMEWORK_HEADER = YES;
				CLANG_WARN_RANGE_LOOP_ANALYSIS = YES;
				CLANG_WARN_STRICT_PROTOTYPES = YES;
				CLANG_WARN_SUSPICIOUS_MOVE = YES;
				CLANG_WARN_UNGUARDED_AVAILABILITY = YES_AGGRESSIVE;
				CLANG_WARN_UNREACHABLE_CODE = YES;
				CLANG_WARN__DUPLICATE_METHOD_MATCH = YES;
				COPY_PHASE_STRIP = NO;
				DEBUG_INFORMATION_FORMAT = dwarf;
				ENABLE_STRICT_OBJC_MSGSEND = YES;
				ENABLE_TESTABILITY = YES;
				ENABLE_USER_SCRIPT_SANDBOXING = YES;
				GCC_C_LANGUAGE_STANDARD = gnu17;
				GCC_DYNAMIC_NO_PIC = NO;
				GCC_NO_COMMON_BLOCKS = YES;
				GCC_OPTIMIZATION_LEVEL = 0;
				GCC_PREPROCESSOR_DEFINITIONS = (
					"DEBUG=1",
					"$(inherited)",
				);
				GCC_WARN_64_TO_32_BIT_CONVERSION = YES;
				GCC_WARN_ABOUT_RETURN_TYPE = YES_ERROR;
				GCC_WARN_UNDECLARED_SELECTOR = YES;
				GCC_WARN_UNINITIALIZED_AUTOS = YES_AGGRESSIVE;
				GCC_WARN_UNUSED_FUNCTION = YES;
				GCC_WARN_UNUSED_VARIABLE = YES;
				IPHONEOS_DEPLOYMENT_TARGET = 17.0;
				LOCALIZATION_PREFERS_STRING_CATALOGS = YES;
				MTL_ENABLE_DEBUG_INFO = INCLUDE_SOURCE;
				MTL_FAST_MATH = YES;
				ONLY_ACTIVE_ARCH = YES;
				SDKROOT = iphoneos;
				SWIFT_ACTIVE_COMPILATION_CONDITIONS = "DEBUG $(inherited)";
				SWIFT_OPTIMIZATION_LEVEL = "-Onone";
			};
			name = Debug;
		};
		7E13654E2C2E98D800CB343D /* Release */ = {
			isa = XCBuildConfiguration;
			buildSettings = {
				ALWAYS_SEARCH_USER_PATHS = NO;
				ASSETCATALOG_COMPILER_GENERATE_SWIFT_ASSET_SYMBOL_EXTENSIONS = YES;
				CLANG_ANALYZER_NONNULL = YES;
				CLANG_ANALYZER_NUMBER_OBJECT_CONVERSION = YES_AGGRESSIVE;
				CLANG_CXX_LANGUAGE_STANDARD = "gnu++20";
				CLANG_ENABLE_MODULES = YES;
				CLANG_ENABLE_OBJC_ARC = YES;
				CLANG_ENABLE_OBJC_WEAK = YES;
				CLANG_WARN_BLOCK_CAPTURE_AUTORELEASING = YES;
				CLANG_WARN_BOOL_CONVERSION = YES;
				CLANG_WARN_COMMA = YES;
				CLANG_WARN_CONSTANT_CONVERSION = YES;
				CLANG_WARN_DEPRECATED_OBJC_IMPLEMENTATIONS = YES;
				CLANG_WARN_DIRECT_OBJC_ISA_USAGE = YES_ERROR;
				CLANG_WARN_DOCUMENTATION_COMMENTS = YES;
				CLANG_WARN_EMPTY_BODY = YES;
				CLANG_WARN_ENUM_CONVERSION = YES;
				CLANG_WARN_INFINITE_RECURSION = YES;
				CLANG_WARN_INT_CONVERSION = YES;
				CLANG_WARN_NON_LITERAL_NULL_CONVERSION = YES;
				CLANG_WARN_OBJC_IMPLICIT_RETAIN_SELF = YES;
				CLANG_WARN_OBJC_LITERAL_CONVERSION = YES;
				CLANG_WARN_OBJC_ROOT_CLASS = YES_ERROR;
				CLANG_WARN_QUOTED_INCLUDE_IN_FRAMEWORK_HEADER = YES;
				CLANG_WARN_RANGE_LOOP_ANALYSIS = YES;
				CLANG_WARN_STRICT_PROTOTYPES = YES;
				CLANG_WARN_SUSPICIOUS_MOVE = YES;
				CLANG_WARN_UNGUARDED_AVAILABILITY = YES_AGGRESSIVE;
				CLANG_WARN_UNREACHABLE_CODE = YES;
				CLANG_WARN__DUPLICATE_METHOD_MATCH = YES;
				COPY_PHASE_STRIP = NO;
				DEBUG_INFORMATION_FORMAT = "dwarf-with-dsym";
				ENABLE_NS_ASSERTIONS = NO;
				ENABLE_STRICT_OBJC_MSGSEND = YES;
				ENABLE_USER_SCRIPT_SANDBOXING = YES;
				GCC_C_LANGUAGE_STANDARD = gnu17;
				GCC_NO_COMMON_BLOCKS = YES;
				GCC_WARN_64_TO_32_BIT_CONVERSION = YES;
				GCC_WARN_ABOUT_RETURN_TYPE = YES_ERROR;
				GCC_WARN_UNDECLARED_SELECTOR = YES;
				GCC_WARN_UNINITIALIZED_AUTOS = YES_AGGRESSIVE;
				GCC_WARN_UNUSED_FUNCTION = YES;
				GCC_WARN_UNUSED_VARIABLE = YES;
				IPHONEOS_DEPLOYMENT_TARGET = 17.0;
				LOCALIZATION_PREFERS_STRING_CATALOGS = YES;
				MTL_ENABLE_DEBUG_INFO = NO;
				MTL_FAST_MATH = YES;
				SDKROOT = iphoneos;
				SWIFT_COMPILATION_MODE = wholemodule;
				VALIDATE_PRODUCT = YES;
			};
			name = Release;
		};
		7E1365502C2E98D800CB343D /* Debug */ = {
			isa = XCBuildConfiguration;
			buildSettings = {
				ASSETCATALOG_COMPILER_APPICON_NAME = AppIcon;
				ASSETCATALOG_COMPILER_GLOBAL_ACCENT_COLOR_NAME = AccentColor;
				CODE_SIGN_STYLE = Automatic;
				CURRENT_PROJECT_VERSION = 1;
				GENERATE_INFOPLIST_FILE = YES;
				INFOPLIST_FILE = ViewController/Info.plist;
				INFOPLIST_KEY_UIApplicationSupportsIndirectInputEvents = YES;
				INFOPLIST_KEY_UILaunchStoryboardName = LaunchScreen;
				INFOPLIST_KEY_UIMainStoryboardFile = Main;
				INFOPLIST_KEY_UISupportedInterfaceOrientations_iPad = "UIInterfaceOrientationPortrait UIInterfaceOrientationPortraitUpsideDown UIInterfaceOrientationLandscapeLeft UIInterfaceOrientationLandscapeRight";
				INFOPLIST_KEY_UISupportedInterfaceOrientations_iPhone = "UIInterfaceOrientationPortrait UIInterfaceOrientationLandscapeLeft UIInterfaceOrientationLandscapeRight";
				LD_RUNPATH_SEARCH_PATHS = (
					"$(inherited)",
					"@executable_path/Frameworks",
				);
				MARKETING_VERSION = 1.0;
				PRODUCT_BUNDLE_IDENTIFIER = co.check.ViewController;
				PRODUCT_NAME = "$(TARGET_NAME)";
				SWIFT_EMIT_LOC_STRINGS = YES;
				SWIFT_VERSION = 5.0;
				TARGETED_DEVICE_FAMILY = "1,2";
			};
			name = Debug;
		};
		7E1365512C2E98D800CB343D /* Release */ = {
			isa = XCBuildConfiguration;
			buildSettings = {
				ASSETCATALOG_COMPILER_APPICON_NAME = AppIcon;
				ASSETCATALOG_COMPILER_GLOBAL_ACCENT_COLOR_NAME = AccentColor;
				CODE_SIGN_STYLE = Automatic;
				CURRENT_PROJECT_VERSION = 1;
				GENERATE_INFOPLIST_FILE = YES;
				INFOPLIST_FILE = ViewController/Info.plist;
				INFOPLIST_KEY_UIApplicationSupportsIndirectInputEvents = YES;
				INFOPLIST_KEY_UILaunchStoryboardName = LaunchScreen;
				INFOPLIST_KEY_UIMainStoryboardFile = Main;
				INFOPLIST_KEY_UISupportedInterfaceOrientations_iPad = "UIInterfaceOrientationPortrait UIInterfaceOrientationPortraitUpsideDown UIInterfaceOrientationLandscapeLeft UIInterfaceOrientationLandscapeRight";
				INFOPLIST_KEY_UISupportedInterfaceOrientations_iPhone = "UIInterfaceOrientationPortrait UIInterfaceOrientationLandscapeLeft UIInterfaceOrientationLandscapeRight";
				LD_RUNPATH_SEARCH_PATHS = (
					"$(inherited)",
					"@executable_path/Frameworks",
				);
				MARKETING_VERSION = 1.0;
				PRODUCT_BUNDLE_IDENTIFIER = co.check.ViewController;
				PRODUCT_NAME = "$(TARGET_NAME)";
				SWIFT_EMIT_LOC_STRINGS = YES;
				SWIFT_VERSION = 5.0;
				TARGETED_DEVICE_FAMILY = "1,2";
			};
			name = Release;
		};
		7E1365532C2E98D800CB343D /* Debug */ = {
			isa = XCBuildConfiguration;
			buildSettings = {
				ALWAYS_EMBED_SWIFT_STANDARD_LIBRARIES = YES;
				BUNDLE_LOADER = "$(TEST_HOST)";
				CODE_SIGN_STYLE = Automatic;
				CURRENT_PROJECT_VERSION = 1;
				GENERATE_INFOPLIST_FILE = YES;
				IPHONEOS_DEPLOYMENT_TARGET = 17.0;
				MARKETING_VERSION = 1.0;
				PRODUCT_BUNDLE_IDENTIFIER = co.check.ViewControllerTests;
				PRODUCT_NAME = "$(TARGET_NAME)";
				SWIFT_EMIT_LOC_STRINGS = NO;
				SWIFT_VERSION = 5.0;
				TARGETED_DEVICE_FAMILY = "1,2";
				TEST_HOST = "$(BUILT_PRODUCTS_DIR)/ViewController.app/$(BUNDLE_EXECUTABLE_FOLDER_PATH)/ViewController";
			};
			name = Debug;
		};
		7E1365542C2E98D800CB343D /* Release */ = {
			isa = XCBuildConfiguration;
			buildSettings = {
				ALWAYS_EMBED_SWIFT_STANDARD_LIBRARIES = YES;
				BUNDLE_LOADER = "$(TEST_HOST)";
				CODE_SIGN_STYLE = Automatic;
				CURRENT_PROJECT_VERSION = 1;
				GENERATE_INFOPLIST_FILE = YES;
				IPHONEOS_DEPLOYMENT_TARGET = 17.0;
				MARKETING_VERSION = 1.0;
				PRODUCT_BUNDLE_IDENTIFIER = co.check.ViewControllerTests;
				PRODUCT_NAME = "$(TARGET_NAME)";
				SWIFT_EMIT_LOC_STRINGS = NO;
				SWIFT_VERSION = 5.0;
				TARGETED_DEVICE_FAMILY = "1,2";
				TEST_HOST = "$(BUILT_PRODUCTS_DIR)/ViewController.app/$(BUNDLE_EXECUTABLE_FOLDER_PATH)/ViewController";
			};
			name = Release;
		};
		7E1365562C2E98D800CB343D /* Debug */ = {
			isa = XCBuildConfiguration;
			buildSettings = {
				ALWAYS_EMBED_SWIFT_STANDARD_LIBRARIES = YES;
				CODE_SIGN_STYLE = Automatic;
				CURRENT_PROJECT_VERSION = 1;
				GENERATE_INFOPLIST_FILE = YES;
				MARKETING_VERSION = 1.0;
				PRODUCT_BUNDLE_IDENTIFIER = co.check.ViewControllerUITests;
				PRODUCT_NAME = "$(TARGET_NAME)";
				SWIFT_EMIT_LOC_STRINGS = NO;
				SWIFT_VERSION = 5.0;
				TARGETED_DEVICE_FAMILY = "1,2";
				TEST_TARGET_NAME = ViewController;
			};
			name = Debug;
		};
		7E1365572C2E98D800CB343D /* Release */ = {
			isa = XCBuildConfiguration;
			buildSettings = {
				ALWAYS_EMBED_SWIFT_STANDARD_LIBRARIES = YES;
				CODE_SIGN_STYLE = Automatic;
				CURRENT_PROJECT_VERSION = 1;
				GENERATE_INFOPLIST_FILE = YES;
				MARKETING_VERSION = 1.0;
				PRODUCT_BUNDLE_IDENTIFIER = co.check.ViewControllerUITests;
				PRODUCT_NAME = "$(TARGET_NAME)";
				SWIFT_EMIT_LOC_STRINGS = NO;
				SWIFT_VERSION = 5.0;
				TARGETED_DEVICE_FAMILY = "1,2";
				TEST_TARGET_NAME = ViewController;
			};
			name = Release;
		};
/* End XCBuildConfiguration section */

/* Begin XCConfigurationList section */
		7E1365202C2E98D700CB343D /* Build configuration list for PBXProject "ViewController" */ = {
			isa = XCConfigurationList;
			buildConfigurations = (
				7E13654D2C2E98D800CB343D /* Debug */,
				7E13654E2C2E98D800CB343D /* Release */,
			);
			defaultConfigurationIsVisible = 0;
			defaultConfigurationName = Release;
		};
		7E13654F2C2E98D800CB343D /* Build configuration list for PBXNativeTarget "ViewController" */ = {
			isa = XCConfigurationList;
			buildConfigurations = (
				7E1365502C2E98D800CB343D /* Debug */,
				7E1365512C2E98D800CB343D /* Release */,
			);
			defaultConfigurationIsVisible = 0;
			defaultConfigurationName = Release;
		};
		7E1365522C2E98D800CB343D /* Build configuration list for PBXNativeTarget "ViewControllerTests" */ = {
			isa = XCConfigurationList;
			buildConfigurations = (
				7E1365532C2E98D800CB343D /* Debug */,
				7E1365542C2E98D800CB343D /* Release */,
			);
			defaultConfigurationIsVisible = 0;
			defaultConfigurationName = Release;
		};
		7E1365552C2E98D800CB343D /* Build configuration list for PBXNativeTarget "ViewControllerUITests" */ = {
			isa = XCConfigurationList;
			buildConfigurations = (
				7E1365562C2E98D800CB343D /* Debug */,
				7E1365572C2E98D800CB343D /* Release */,
			);
			defaultConfigurationIsVisible = 0;
			defaultConfigurationName = Release;
		};
/* End XCConfigurationList section */
	};
	rootObject = 7E13651D2C2E98D700CB343D /* Project object */;
}
