// !$*UTF8*$!
{
	archiveVersion = 1;
	classes = {
	};
	objectVersion = 56;
	objects = {

/* Begin PBXBuildFile section */
		7E1366652C3550C800CB343D /* AppDelegate.swift in Sources */ = {isa = PBXBuildFile; fileRef = 7E1366642C3550C800CB343D /* AppDelegate.swift */; };
		7E1366672C3550C800CB343D /* SceneDelegate.swift in Sources */ = {isa = PBXBuildFile; fileRef = 7E1366662C3550C800CB343D /* SceneDelegate.swift */; };
		7E1366692C3550C800CB343D /* ViewController.swift in Sources */ = {isa = PBXBuildFile; fileRef = 7E1366682C3550C800CB343D /* ViewController.swift */; };
		7E13666C2C3550C800CB343D /* Main.storyboard in Resources */ = {isa = PBXBuildFile; fileRef = 7E13666A2C3550C800CB343D /* Main.storyboard */; };
		7E13666E2C3550C900CB343D /* Assets.xcassets in Resources */ = {isa = PBXBuildFile; fileRef = 7E13666D2C3550C900CB343D /* Assets.xcassets */; };
		7E1366712C3550C900CB343D /* LaunchScreen.storyboard in Resources */ = {isa = PBXBuildFile; fileRef = 7E13666F2C3550C900CB343D /* LaunchScreen.storyboard */; };
		7E13667C2C3550C900CB343D /* ViewcontrollerVcTests.swift in Sources */ = {isa = PBXBuildFile; fileRef = 7E13667B2C3550C900CB343D /* ViewcontrollerVcTests.swift */; };
		7E1366862C3550C900CB343D /* ViewcontrollerVcUITests.swift in Sources */ = {isa = PBXBuildFile; fileRef = 7E1366852C3550C900CB343D /* ViewcontrollerVcUITests.swift */; };
		7E1366882C3550C900CB343D /* ViewcontrollerVcUITestsLaunchTests.swift in Sources */ = {isa = PBXBuildFile; fileRef = 7E1366872C3550C900CB343D /* ViewcontrollerVcUITestsLaunchTests.swift */; };
		7E1366952C35562C00CB343D /* myViewController.swift in Sources */ = {isa = PBXBuildFile; fileRef = 7E1366942C35562C00CB343D /* myViewController.swift */; };
/* End PBXBuildFile section */

/* Begin PBXContainerItemProxy section */
		7E1366782C3550C900CB343D /* PBXContainerItemProxy */ = {
			isa = PBXContainerItemProxy;
			containerPortal = 7E1366592C3550C800CB343D /* Project object */;
			proxyType = 1;
			remoteGlobalIDString = 7E1366602C3550C800CB343D;
			remoteInfo = ViewcontrollerVc;
		};
		7E1366822C3550C900CB343D /* PBXContainerItemProxy */ = {
			isa = PBXContainerItemProxy;
			containerPortal = 7E1366592C3550C800CB343D /* Project object */;
			proxyType = 1;
			remoteGlobalIDString = 7E1366602C3550C800CB343D;
			remoteInfo = ViewcontrollerVc;
		};
/* End PBXContainerItemProxy section */

/* Begin PBXFileReference section */
		7E1366612C3550C800CB343D /* ViewcontrollerVc.app */ = {isa = PBXFileReference; explicitFileType = wrapper.application; includeInIndex = 0; path = ViewcontrollerVc.app; sourceTree = BUILT_PRODUCTS_DIR; };
		7E1366642C3550C800CB343D /* AppDelegate.swift */ = {isa = PBXFileReference; lastKnownFileType = sourcecode.swift; path = AppDelegate.swift; sourceTree = "<group>"; };
		7E1366662C3550C800CB343D /* SceneDelegate.swift */ = {isa = PBXFileReference; lastKnownFileType = sourcecode.swift; path = SceneDelegate.swift; sourceTree = "<group>"; };
		7E1366682C3550C800CB343D /* ViewController.swift */ = {isa = PBXFileReference; lastKnownFileType = sourcecode.swift; path = ViewController.swift; sourceTree = "<group>"; };
		7E13666B2C3550C800CB343D /* Base */ = {isa = PBXFileReference; lastKnownFileType = file.storyboard; name = Base; path = Base.lproj/Main.storyboard; sourceTree = "<group>"; };
		7E13666D2C3550C900CB343D /* Assets.xcassets */ = {isa = PBXFileReference; lastKnownFileType = folder.assetcatalog; path = Assets.xcassets; sourceTree = "<group>"; };
		7E1366702C3550C900CB343D /* Base */ = {isa = PBXFileReference; lastKnownFileType = file.storyboard; name = Base; path = Base.lproj/LaunchScreen.storyboard; sourceTree = "<group>"; };
		7E1366722C3550C900CB343D /* Info.plist */ = {isa = PBXFileReference; lastKnownFileType = text.plist.xml; path = Info.plist; sourceTree = "<group>"; };
		7E1366772C3550C900CB343D /* ViewcontrollerVcTests.xctest */ = {isa = PBXFileReference; explicitFileType = wrapper.cfbundle; includeInIndex = 0; path = ViewcontrollerVcTests.xctest; sourceTree = BUILT_PRODUCTS_DIR; };
		7E13667B2C3550C900CB343D /* ViewcontrollerVcTests.swift */ = {isa = PBXFileReference; lastKnownFileType = sourcecode.swift; path = ViewcontrollerVcTests.swift; sourceTree = "<group>"; };
		7E1366812C3550C900CB343D /* ViewcontrollerVcUITests.xctest */ = {isa = PBXFileReference; explicitFileType = wrapper.cfbundle; includeInIndex = 0; path = ViewcontrollerVcUITests.xctest; sourceTree = BUILT_PRODUCTS_DIR; };
		7E1366852C3550C900CB343D /* ViewcontrollerVcUITests.swift */ = {isa = PBXFileReference; lastKnownFileType = sourcecode.swift; path = ViewcontrollerVcUITests.swift; sourceTree = "<group>"; };
		7E1366872C3550C900CB343D /* ViewcontrollerVcUITestsLaunchTests.swift */ = {isa = PBXFileReference; lastKnownFileType = sourcecode.swift; path = ViewcontrollerVcUITestsLaunchTests.swift; sourceTree = "<group>"; };
		7E1366942C35562C00CB343D /* myViewController.swift */ = {isa = PBXFileReference; lastKnownFileType = sourcecode.swift; path = myViewController.swift; sourceTree = "<group>"; };
/* End PBXFileReference section */

/* Begin PBXFrameworksBuildPhase section */
		7E13665E2C3550C800CB343D /* Frameworks */ = {
			isa = PBXFrameworksBuildPhase;
			buildActionMask = 2147483647;
			files = (
			);
			runOnlyForDeploymentPostprocessing = 0;
		};
		7E1366742C3550C900CB343D /* Frameworks */ = {
			isa = PBXFrameworksBuildPhase;
			buildActionMask = 2147483647;
			files = (
			);
			runOnlyForDeploymentPostprocessing = 0;
		};
		7E13667E2C3550C900CB343D /* Frameworks */ = {
			isa = PBXFrameworksBuildPhase;
			buildActionMask = 2147483647;
			files = (
			);
			runOnlyForDeploymentPostprocessing = 0;
		};
/* End PBXFrameworksBuildPhase section */

/* Begin PBXGroup section */
		7E1366582C3550C800CB343D = {
			isa = PBXGroup;
			children = (
				7E1366632C3550C800CB343D /* ViewcontrollerVc */,
				7E13667A2C3550C900CB343D /* ViewcontrollerVcTests */,
				7E1366842C3550C900CB343D /* ViewcontrollerVcUITests */,
				7E1366622C3550C800CB343D /* Products */,
			);
			sourceTree = "<group>";
		};
		7E1366622C3550C800CB343D /* Products */ = {
			isa = PBXGroup;
			children = (
				7E1366612C3550C800CB343D /* ViewcontrollerVc.app */,
				7E1366772C3550C900CB343D /* ViewcontrollerVcTests.xctest */,
				7E1366812C3550C900CB343D /* ViewcontrollerVcUITests.xctest */,
			);
			name = Products;
			sourceTree = "<group>";
		};
		7E1366632C3550C800CB343D /* ViewcontrollerVc */ = {
			isa = PBXGroup;
			children = (
				7E1366642C3550C800CB343D /* AppDelegate.swift */,
				7E1366662C3550C800CB343D /* SceneDelegate.swift */,
				7E1366682C3550C800CB343D /* ViewController.swift */,
				7E1366942C35562C00CB343D /* myViewController.swift */,
				7E13666A2C3550C800CB343D /* Main.storyboard */,
				7E13666D2C3550C900CB343D /* Assets.xcassets */,
				7E13666F2C3550C900CB343D /* LaunchScreen.storyboard */,
				7E1366722C3550C900CB343D /* Info.plist */,
			);
			path = ViewcontrollerVc;
			sourceTree = "<group>";
		};
		7E13667A2C3550C900CB343D /* ViewcontrollerVcTests */ = {
			isa = PBXGroup;
			children = (
				7E13667B2C3550C900CB343D /* ViewcontrollerVcTests.swift */,
			);
			path = ViewcontrollerVcTests;
			sourceTree = "<group>";
		};
		7E1366842C3550C900CB343D /* ViewcontrollerVcUITests */ = {
			isa = PBXGroup;
			children = (
				7E1366852C3550C900CB343D /* ViewcontrollerVcUITests.swift */,
				7E1366872C3550C900CB343D /* ViewcontrollerVcUITestsLaunchTests.swift */,
			);
			path = ViewcontrollerVcUITests;
			sourceTree = "<group>";
		};
/* End PBXGroup section */

/* Begin PBXNativeTarget section */
		7E1366602C3550C800CB343D /* ViewcontrollerVc */ = {
			isa = PBXNativeTarget;
			buildConfigurationList = 7E13668B2C3550C900CB343D /* Build configuration list for PBXNativeTarget "ViewcontrollerVc" */;
			buildPhases = (
				7E13665D2C3550C800CB343D /* Sources */,
				7E13665E2C3550C800CB343D /* Frameworks */,
				7E13665F2C3550C800CB343D /* Resources */,
			);
			buildRules = (
			);
			dependencies = (
			);
			name = ViewcontrollerVc;
			productName = ViewcontrollerVc;
			productReference = 7E1366612C3550C800CB343D /* ViewcontrollerVc.app */;
			productType = "com.apple.product-type.application";
		};
		7E1366762C3550C900CB343D /* ViewcontrollerVcTests */ = {
			isa = PBXNativeTarget;
			buildConfigurationList = 7E13668E2C3550C900CB343D /* Build configuration list for PBXNativeTarget "ViewcontrollerVcTests" */;
			buildPhases = (
				7E1366732C3550C900CB343D /* Sources */,
				7E1366742C3550C900CB343D /* Frameworks */,
				7E1366752C3550C900CB343D /* Resources */,
			);
			buildRules = (
			);
			dependencies = (
				7E1366792C3550C900CB343D /* PBXTargetDependency */,
			);
			name = ViewcontrollerVcTests;
			productName = ViewcontrollerVcTests;
			productReference = 7E1366772C3550C900CB343D /* ViewcontrollerVcTests.xctest */;
			productType = "com.apple.product-type.bundle.unit-test";
		};
		7E1366802C3550C900CB343D /* ViewcontrollerVcUITests */ = {
			isa = PBXNativeTarget;
			buildConfigurationList = 7E1366912C3550C900CB343D /* Build configuration list for PBXNativeTarget "ViewcontrollerVcUITests" */;
			buildPhases = (
				7E13667D2C3550C900CB343D /* Sources */,
				7E13667E2C3550C900CB343D /* Frameworks */,
				7E13667F2C3550C900CB343D /* Resources */,
			);
			buildRules = (
			);
			dependencies = (
				7E1366832C3550C900CB343D /* PBXTargetDependency */,
			);
			name = ViewcontrollerVcUITests;
			productName = ViewcontrollerVcUITests;
			productReference = 7E1366812C3550C900CB343D /* ViewcontrollerVcUITests.xctest */;
			productType = "com.apple.product-type.bundle.ui-testing";
		};
/* End PBXNativeTarget section */

/* Begin PBXProject section */
		7E1366592C3550C800CB343D /* Project object */ = {
			isa = PBXProject;
			attributes = {
				BuildIndependentTargetsInParallel = 1;
				LastSwiftUpdateCheck = 1500;
				LastUpgradeCheck = 1500;
				TargetAttributes = {
					7E1366602C3550C800CB343D = {
						CreatedOnToolsVersion = 15.0.1;
					};
					7E1366762C3550C900CB343D = {
						CreatedOnToolsVersion = 15.0.1;
						TestTargetID = 7E1366602C3550C800CB343D;
					};
					7E1366802C3550C900CB343D = {
						CreatedOnToolsVersion = 15.0.1;
						TestTargetID = 7E1366602C3550C800CB343D;
					};
				};
			};
			buildConfigurationList = 7E13665C2C3550C800CB343D /* Build configuration list for PBXProject "ViewcontrollerVc" */;
			compatibilityVersion = "Xcode 14.0";
			developmentRegion = en;
			hasScannedForEncodings = 0;
			knownRegions = (
				en,
				Base,
			);
			mainGroup = 7E1366582C3550C800CB343D;
			productRefGroup = 7E1366622C3550C800CB343D /* Products */;
			projectDirPath = "";
			projectRoot = "";
			targets = (
				7E1366602C3550C800CB343D /* ViewcontrollerVc */,
				7E1366762C3550C900CB343D /* ViewcontrollerVcTests */,
				7E1366802C3550C900CB343D /* ViewcontrollerVcUITests */,
			);
		};
/* End PBXProject section */

/* Begin PBXResourcesBuildPhase section */
		7E13665F2C3550C800CB343D /* Resources */ = {
			isa = PBXResourcesBuildPhase;
			buildActionMask = 2147483647;
			files = (
				7E1366712C3550C900CB343D /* LaunchScreen.storyboard in Resources */,
				7E13666E2C3550C900CB343D /* Assets.xcassets in Resources */,
				7E13666C2C3550C800CB343D /* Main.storyboard in Resources */,
			);
			runOnlyForDeploymentPostprocessing = 0;
		};
		7E1366752C3550C900CB343D /* Resources */ = {
			isa = PBXResourcesBuildPhase;
			buildActionMask = 2147483647;
			files = (
			);
			runOnlyForDeploymentPostprocessing = 0;
		};
		7E13667F2C3550C900CB343D /* Resources */ = {
			isa = PBXResourcesBuildPhase;
			buildActionMask = 2147483647;
			files = (
			);
			runOnlyForDeploymentPostprocessing = 0;
		};
/* End PBXResourcesBuildPhase section */

/* Begin PBXSourcesBuildPhase section */
		7E13665D2C3550C800CB343D /* Sources */ = {
			isa = PBXSourcesBuildPhase;
			buildActionMask = 2147483647;
			files = (
				7E1366692C3550C800CB343D /* ViewController.swift in Sources */,
				7E1366652C3550C800CB343D /* AppDelegate.swift in Sources */,
				7E1366952C35562C00CB343D /* myViewController.swift in Sources */,
				7E1366672C3550C800CB343D /* SceneDelegate.swift in Sources */,
			);
			runOnlyForDeploymentPostprocessing = 0;
		};
		7E1366732C3550C900CB343D /* Sources */ = {
			isa = PBXSourcesBuildPhase;
			buildActionMask = 2147483647;
			files = (
				7E13667C2C3550C900CB343D /* ViewcontrollerVcTests.swift in Sources */,
			);
			runOnlyForDeploymentPostprocessing = 0;
		};
		7E13667D2C3550C900CB343D /* Sources */ = {
			isa = PBXSourcesBuildPhase;
			buildActionMask = 2147483647;
			files = (
				7E1366882C3550C900CB343D /* ViewcontrollerVcUITestsLaunchTests.swift in Sources */,
				7E1366862C3550C900CB343D /* ViewcontrollerVcUITests.swift in Sources */,
			);
			runOnlyForDeploymentPostprocessing = 0;
		};
/* End PBXSourcesBuildPhase section */

/* Begin PBXTargetDependency section */
		7E1366792C3550C900CB343D /* PBXTargetDependency */ = {
			isa = PBXTargetDependency;
			target = 7E1366602C3550C800CB343D /* ViewcontrollerVc */;
			targetProxy = 7E1366782C3550C900CB343D /* PBXContainerItemProxy */;
		};
		7E1366832C3550C900CB343D /* PBXTargetDependency */ = {
			isa = PBXTargetDependency;
			target = 7E1366602C3550C800CB343D /* ViewcontrollerVc */;
			targetProxy = 7E1366822C3550C900CB343D /* PBXContainerItemProxy */;
		};
/* End PBXTargetDependency section */

/* Begin PBXVariantGroup section */
		7E13666A2C3550C800CB343D /* Main.storyboard */ = {
			isa = PBXVariantGroup;
			children = (
				7E13666B2C3550C800CB343D /* Base */,
			);
			name = Main.storyboard;
			sourceTree = "<group>";
		};
		7E13666F2C3550C900CB343D /* LaunchScreen.storyboard */ = {
			isa = PBXVariantGroup;
			children = (
				7E1366702C3550C900CB343D /* Base */,
			);
			name = LaunchScreen.storyboard;
			sourceTree = "<group>";
		};
/* End PBXVariantGroup section */

/* Begin XCBuildConfiguration section */
		7E1366892C3550C900CB343D /* Debug */ = {
			isa = XCBuildConfiguration;
			buildSettings = {
				ALWAYS_SEARCH_USER_PATHS = NO;
				ASSETCATALOG_COMPILER_GENERATE_SWIFT_ASSET_SYMBOL_EXTENSIONS = YES;
				CLANG_ANALYZER_NONNULL = YES;
				CLANG_ANALYZER_NUMBER_OBJECT_CONVERSION = YES_AGGRESSIVE;
				CLANG_CXX_LANGUAGE_STANDARD = "gnu++20";
				CLANG_ENABLE_MODULES = YES;
				CLANG_ENABLE_OBJC_ARC = YES;
				CLANG_ENABLE_OBJC_WEAK = YES;
				CLANG_WARN_BLOCK_CAPTURE_AUTORELEASING = YES;
				CLANG_WARN_BOOL_CONVERSION = YES;
				CLANG_WARN_COMMA = YES;
				CLANG_WARN_CONSTANT_CONVERSION = YES;
				CLANG_WARN_DEPRECATED_OBJC_IMPLEMENTATIONS = YES;
				CLANG_WARN_DIRECT_OBJC_ISA_USAGE = YES_ERROR;
				CLANG_WARN_DOCUMENTATION_COMMENTS = YES;
				CLANG_WARN_EMPTY_BODY = YES;
				CLANG_WARN_ENUM_CONVERSION = YES;
				CLANG_WARN_INFINITE_RECURSION = YES;
				CLANG_WARN_INT_CONVERSION = YES;
				CLANG_WARN_NON_LITERAL_NULL_CONVERSION = YES;
				CLANG_WARN_OBJC_IMPLICIT_RETAIN_SELF = YES;
				CLANG_WARN_OBJC_LITERAL_CONVERSION = YES;
				CLANG_WARN_OBJC_ROOT_CLASS = YES_ERROR;
				CLANG_WARN_QUOTED_INCLUDE_IN_FRAMEWORK_HEADER = YES;
				CLANG_WARN_RANGE_LOOP_ANALYSIS = YES;
				CLANG_WARN_STRICT_PROTOTYPES = YES;
				CLANG_WARN_SUSPICIOUS_MOVE = YES;
				CLANG_WARN_UNGUARDED_AVAILABILITY = YES_AGGRESSIVE;
				CLANG_WARN_UNREACHABLE_CODE = YES;
				CLANG_WARN__DUPLICATE_METHOD_MATCH = YES;
				COPY_PHASE_STRIP = NO;
				DEBUG_INFORMATION_FORMAT = dwarf;
				ENABLE_STRICT_OBJC_MSGSEND = YES;
				ENABLE_TESTABILITY = YES;
				ENABLE_USER_SCRIPT_SANDBOXING = YES;
				GCC_C_LANGUAGE_STANDARD = gnu17;
				GCC_DYNAMIC_NO_PIC = NO;
				GCC_NO_COMMON_BLOCKS = YES;
				GCC_OPTIMIZATION_LEVEL = 0;
				GCC_PREPROCESSOR_DEFINITIONS = (
					"DEBUG=1",
					"$(inherited)",
				);
				GCC_WARN_64_TO_32_BIT_CONVERSION = YES;
				GCC_WARN_ABOUT_RETURN_TYPE = YES_ERROR;
				GCC_WARN_UNDECLARED_SELECTOR = YES;
				GCC_WARN_UNINITIALIZED_AUTOS = YES_AGGRESSIVE;
				GCC_WARN_UNUSED_FUNCTION = YES;
				GCC_WARN_UNUSED_VARIABLE = YES;
				IPHONEOS_DEPLOYMENT_TARGET = 17.0;
				LOCALIZATION_PREFERS_STRING_CATALOGS = YES;
				MTL_ENABLE_DEBUG_INFO = INCLUDE_SOURCE;
				MTL_FAST_MATH = YES;
				ONLY_ACTIVE_ARCH = YES;
				SDKROOT = iphoneos;
				SWIFT_ACTIVE_COMPILATION_CONDITIONS = "DEBUG $(inherited)";
				SWIFT_OPTIMIZATION_LEVEL = "-Onone";
			};
			name = Debug;
		};
		7E13668A2C3550C900CB343D /* Release */ = {
			isa = XCBuildConfiguration;
			buildSettings = {
				ALWAYS_SEARCH_USER_PATHS = NO;
				ASSETCATALOG_COMPILER_GENERATE_SWIFT_ASSET_SYMBOL_EXTENSIONS = YES;
				CLANG_ANALYZER_NONNULL = YES;
				CLANG_ANALYZER_NUMBER_OBJECT_CONVERSION = YES_AGGRESSIVE;
				CLANG_CXX_LANGUAGE_STANDARD = "gnu++20";
				CLANG_ENABLE_MODULES = YES;
				CLANG_ENABLE_OBJC_ARC = YES;
				CLANG_ENABLE_OBJC_WEAK = YES;
				CLANG_WARN_BLOCK_CAPTURE_AUTORELEASING = YES;
				CLANG_WARN_BOOL_CONVERSION = YES;
				CLANG_WARN_COMMA = YES;
				CLANG_WARN_CONSTANT_CONVERSION = YES;
				CLANG_WARN_DEPRECATED_OBJC_IMPLEMENTATIONS = YES;
				CLANG_WARN_DIRECT_OBJC_ISA_USAGE = YES_ERROR;
				CLANG_WARN_DOCUMENTATION_COMMENTS = YES;
				CLANG_WARN_EMPTY_BODY = YES;
				CLANG_WARN_ENUM_CONVERSION = YES;
				CLANG_WARN_INFINITE_RECURSION = YES;
				CLANG_WARN_INT_CONVERSION = YES;
				CLANG_WARN_NON_LITERAL_NULL_CONVERSION = YES;
				CLANG_WARN_OBJC_IMPLICIT_RETAIN_SELF = YES;
				CLANG_WARN_OBJC_LITERAL_CONVERSION = YES;
				CLANG_WARN_OBJC_ROOT_CLASS = YES_ERROR;
				CLANG_WARN_QUOTED_INCLUDE_IN_FRAMEWORK_HEADER = YES;
				CLANG_WARN_RANGE_LOOP_ANALYSIS = YES;
				CLANG_WARN_STRICT_PROTOTYPES = YES;
				CLANG_WARN_SUSPICIOUS_MOVE = YES;
				CLANG_WARN_UNGUARDED_AVAILABILITY = YES_AGGRESSIVE;
				CLANG_WARN_UNREACHABLE_CODE = YES;
				CLANG_WARN__DUPLICATE_METHOD_MATCH = YES;
				COPY_PHASE_STRIP = NO;
				DEBUG_INFORMATION_FORMAT = "dwarf-with-dsym";
				ENABLE_NS_ASSERTIONS = NO;
				ENABLE_STRICT_OBJC_MSGSEND = YES;
				ENABLE_USER_SCRIPT_SANDBOXING = YES;
				GCC_C_LANGUAGE_STANDARD = gnu17;
				GCC_NO_COMMON_BLOCKS = YES;
				GCC_WARN_64_TO_32_BIT_CONVERSION = YES;
				GCC_WARN_ABOUT_RETURN_TYPE = YES_ERROR;
				GCC_WARN_UNDECLARED_SELECTOR = YES;
				GCC_WARN_UNINITIALIZED_AUTOS = YES_AGGRESSIVE;
				GCC_WARN_UNUSED_FUNCTION = YES;
				GCC_WARN_UNUSED_VARIABLE = YES;
				IPHONEOS_DEPLOYMENT_TARGET = 17.0;
				LOCALIZATION_PREFERS_STRING_CATALOGS = YES;
				MTL_ENABLE_DEBUG_INFO = NO;
				MTL_FAST_MATH = YES;
				SDKROOT = iphoneos;
				SWIFT_COMPILATION_MODE = wholemodule;
				VALIDATE_PRODUCT = YES;
			};
			name = Release;
		};
		7E13668C2C3550C900CB343D /* Debug */ = {
			isa = XCBuildConfiguration;
			buildSettings = {
				ASSETCATALOG_COMPILER_APPICON_NAME = AppIcon;
				ASSETCATALOG_COMPILER_GLOBAL_ACCENT_COLOR_NAME = AccentColor;
				CODE_SIGN_STYLE = Automatic;
				CURRENT_PROJECT_VERSION = 1;
				GENERATE_INFOPLIST_FILE = YES;
				INFOPLIST_FILE = ViewcontrollerVc/Info.plist;
				INFOPLIST_KEY_UIApplicationSupportsIndirectInputEvents = YES;
				INFOPLIST_KEY_UILaunchStoryboardName = LaunchScreen;
				INFOPLIST_KEY_UIMainStoryboardFile = Main;
				INFOPLIST_KEY_UISupportedInterfaceOrientations_iPad = "UIInterfaceOrientationPortrait UIInterfaceOrientationPortraitUpsideDown UIInterfaceOrientationLandscapeLeft UIInterfaceOrientationLandscapeRight";
				INFOPLIST_KEY_UISupportedInterfaceOrientations_iPhone = "UIInterfaceOrientationPortrait UIInterfaceOrientationLandscapeLeft UIInterfaceOrientationLandscapeRight";
				LD_RUNPATH_SEARCH_PATHS = (
					"$(inherited)",
					"@executable_path/Frameworks",
				);
				MARKETING_VERSION = 1.0;
				PRODUCT_BUNDLE_IDENTIFIER = co.check.ViewcontrollerVc;
				PRODUCT_NAME = "$(TARGET_NAME)";
				SWIFT_EMIT_LOC_STRINGS = YES;
				SWIFT_VERSION = 5.0;
				TARGETED_DEVICE_FAMILY = "1,2";
			};
			name = Debug;
		};
		7E13668D2C3550C900CB343D /* Release */ = {
			isa = XCBuildConfiguration;
			buildSettings = {
				ASSETCATALOG_COMPILER_APPICON_NAME = AppIcon;
				ASSETCATALOG_COMPILER_GLOBAL_ACCENT_COLOR_NAME = AccentColor;
				CODE_SIGN_STYLE = Automatic;
				CURRENT_PROJECT_VERSION = 1;
				GENERATE_INFOPLIST_FILE = YES;
				INFOPLIST_FILE = ViewcontrollerVc/Info.plist;
				INFOPLIST_KEY_UIApplicationSupportsIndirectInputEvents = YES;
				INFOPLIST_KEY_UILaunchStoryboardName = LaunchScreen;
				INFOPLIST_KEY_UIMainStoryboardFile = Main;
				INFOPLIST_KEY_UISupportedInterfaceOrientations_iPad = "UIInterfaceOrientationPortrait UIInterfaceOrientationPortraitUpsideDown UIInterfaceOrientationLandscapeLeft UIInterfaceOrientationLandscapeRight";
				INFOPLIST_KEY_UISupportedInterfaceOrientations_iPhone = "UIInterfaceOrientationPortrait UIInterfaceOrientationLandscapeLeft UIInterfaceOrientationLandscapeRight";
				LD_RUNPATH_SEARCH_PATHS = (
					"$(inherited)",
					"@executable_path/Frameworks",
				);
				MARKETING_VERSION = 1.0;
				PRODUCT_BUNDLE_IDENTIFIER = co.check.ViewcontrollerVc;
				PRODUCT_NAME = "$(TARGET_NAME)";
				SWIFT_EMIT_LOC_STRINGS = YES;
				SWIFT_VERSION = 5.0;
				TARGETED_DEVICE_FAMILY = "1,2";
			};
			name = Release;
		};
		7E13668F2C3550C900CB343D /* Debug */ = {
			isa = XCBuildConfiguration;
			buildSettings = {
				ALWAYS_EMBED_SWIFT_STANDARD_LIBRARIES = YES;
				BUNDLE_LOADER = "$(TEST_HOST)";
				CODE_SIGN_STYLE = Automatic;
				CURRENT_PROJECT_VERSION = 1;
				GENERATE_INFOPLIST_FILE = YES;
				IPHONEOS_DEPLOYMENT_TARGET = 17.0;
				MARKETING_VERSION = 1.0;
				PRODUCT_BUNDLE_IDENTIFIER = co.check.ViewcontrollerVcTests;
				PRODUCT_NAME = "$(TARGET_NAME)";
				SWIFT_EMIT_LOC_STRINGS = NO;
				SWIFT_VERSION = 5.0;
				TARGETED_DEVICE_FAMILY = "1,2";
				TEST_HOST = "$(BUILT_PRODUCTS_DIR)/ViewcontrollerVc.app/$(BUNDLE_EXECUTABLE_FOLDER_PATH)/ViewcontrollerVc";
			};
			name = Debug;
		};
		7E1366902C3550C900CB343D /* Release */ = {
			isa = XCBuildConfiguration;
			buildSettings = {
				ALWAYS_EMBED_SWIFT_STANDARD_LIBRARIES = YES;
				BUNDLE_LOADER = "$(TEST_HOST)";
				CODE_SIGN_STYLE = Automatic;
				CURRENT_PROJECT_VERSION = 1;
				GENERATE_INFOPLIST_FILE = YES;
				IPHONEOS_DEPLOYMENT_TARGET = 17.0;
				MARKETING_VERSION = 1.0;
				PRODUCT_BUNDLE_IDENTIFIER = co.check.ViewcontrollerVcTests;
				PRODUCT_NAME = "$(TARGET_NAME)";
				SWIFT_EMIT_LOC_STRINGS = NO;
				SWIFT_VERSION = 5.0;
				TARGETED_DEVICE_FAMILY = "1,2";
				TEST_HOST = "$(BUILT_PRODUCTS_DIR)/ViewcontrollerVc.app/$(BUNDLE_EXECUTABLE_FOLDER_PATH)/ViewcontrollerVc";
			};
			name = Release;
		};
		7E1366922C3550C900CB343D /* Debug */ = {
			isa = XCBuildConfiguration;
			buildSettings = {
				ALWAYS_EMBED_SWIFT_STANDARD_LIBRARIES = YES;
				CODE_SIGN_STYLE = Automatic;
				CURRENT_PROJECT_VERSION = 1;
				GENERATE_INFOPLIST_FILE = YES;
				MARKETING_VERSION = 1.0;
				PRODUCT_BUNDLE_IDENTIFIER = co.check.ViewcontrollerVcUITests;
				PRODUCT_NAME = "$(TARGET_NAME)";
				SWIFT_EMIT_LOC_STRINGS = NO;
				SWIFT_VERSION = 5.0;
				TARGETED_DEVICE_FAMILY = "1,2";
				TEST_TARGET_NAME = ViewcontrollerVc;
			};
			name = Debug;
		};
		7E1366932C3550C900CB343D /* Release */ = {
			isa = XCBuildConfiguration;
			buildSettings = {
				ALWAYS_EMBED_SWIFT_STANDARD_LIBRARIES = YES;
				CODE_SIGN_STYLE = Automatic;
				CURRENT_PROJECT_VERSION = 1;
				GENERATE_INFOPLIST_FILE = YES;
				MARKETING_VERSION = 1.0;
				PRODUCT_BUNDLE_IDENTIFIER = co.check.ViewcontrollerVcUITests;
				PRODUCT_NAME = "$(TARGET_NAME)";
				SWIFT_EMIT_LOC_STRINGS = NO;
				SWIFT_VERSION = 5.0;
				TARGETED_DEVICE_FAMILY = "1,2";
				TEST_TARGET_NAME = ViewcontrollerVc;
			};
			name = Release;
		};
/* End XCBuildConfiguration section */

/* Begin XCConfigurationList section */
		7E13665C2C3550C800CB343D /* Build configuration list for PBXProject "ViewcontrollerVc" */ = {
			isa = XCConfigurationList;
			buildConfigurations = (
				7E1366892C3550C900CB343D /* Debug */,
				7E13668A2C3550C900CB343D /* Release */,
			);
			defaultConfigurationIsVisible = 0;
			defaultConfigurationName = Release;
		};
		7E13668B2C3550C900CB343D /* Build configuration list for PBXNativeTarget "ViewcontrollerVc" */ = {
			isa = XCConfigurationList;
			buildConfigurations = (
				7E13668C2C3550C900CB343D /* Debug */,
				7E13668D2C3550C900CB343D /* Release */,
			);
			defaultConfigurationIsVisible = 0;
			defaultConfigurationName = Release;
		};
		7E13668E2C3550C900CB343D /* Build configuration list for PBXNativeTarget "ViewcontrollerVcTests" */ = {
			isa = XCConfigurationList;
			buildConfigurations = (
				7E13668F2C3550C900CB343D /* Debug */,
				7E1366902C3550C900CB343D /* Release */,
			);
			defaultConfigurationIsVisible = 0;
			defaultConfigurationName = Release;
		};
		7E1366912C3550C900CB343D /* Build configuration list for PBXNativeTarget "ViewcontrollerVcUITests" */ = {
			isa = XCConfigurationList;
			buildConfigurations = (
				7E1366922C3550C900CB343D /* Debug */,
				7E1366932C3550C900CB343D /* Release */,
			);
			defaultConfigurationIsVisible = 0;
			defaultConfigurationName = Release;
		};
/* End XCConfigurationList section */
	};
	rootObject = 7E1366592C3550C800CB343D /* Project object */;
}
