// !$*UTF8*$!
{
	archiveVersion = 1;
	classes = {
	};
	objectVersion = 56;
	objects = {

/* Begin PBXBuildFile section */
		7EABB0A02C40E78D0087BCFB /* AppDelegate.swift in Sources */ = {isa = PBXBuildFile; fileRef = 7EABB09F2C40E78D0087BCFB /* AppDelegate.swift */; };
		7EABB0A22C40E78D0087BCFB /* SceneDelegate.swift in Sources */ = {isa = PBXBuildFile; fileRef = 7EABB0A12C40E78D0087BCFB /* SceneDelegate.swift */; };
		7EABB0A42C40E78D0087BCFB /* ViewController.swift in Sources */ = {isa = PBXBuildFile; fileRef = 7EABB0A32C40E78D0087BCFB /* ViewController.swift */; };
		7EABB0A72C40E78D0087BCFB /* Main.storyboard in Resources */ = {isa = PBXBuildFile; fileRef = 7EABB0A52C40E78D0087BCFB /* Main.storyboard */; };
		7EABB0A92C40E78E0087BCFB /* Assets.xcassets in Resources */ = {isa = PBXBuildFile; fileRef = 7EABB0A82C40E78E0087BCFB /* Assets.xcassets */; };
		7EABB0AC2C40E78E0087BCFB /* LaunchScreen.storyboard in Resources */ = {isa = PBXBuildFile; fileRef = 7EABB0AA2C40E78E0087BCFB /* LaunchScreen.storyboard */; };
		7EABB0B72C40E78E0087BCFB /* UnwindSegueTests.swift in Sources */ = {isa = PBXBuildFile; fileRef = 7EABB0B62C40E78E0087BCFB /* UnwindSegueTests.swift */; };
		7EABB0C12C40E78E0087BCFB /* UnwindSegueUITests.swift in Sources */ = {isa = PBXBuildFile; fileRef = 7EABB0C02C40E78E0087BCFB /* UnwindSegueUITests.swift */; };
		7EABB0C32C40E78E0087BCFB /* UnwindSegueUITestsLaunchTests.swift in Sources */ = {isa = PBXBuildFile; fileRef = 7EABB0C22C40E78E0087BCFB /* UnwindSegueUITestsLaunchTests.swift */; };
		7EABB0D02C40EB6B0087BCFB /* SecondvcViewController.swift in Sources */ = {isa = PBXBuildFile; fileRef = 7EABB0CF2C40EB6B0087BCFB /* SecondvcViewController.swift */; };
		7EABB0D22C40EB870087BCFB /* ThirdViewController.swift in Sources */ = {isa = PBXBuildFile; fileRef = 7EABB0D12C40EB870087BCFB /* ThirdViewController.swift */; };
		7EABB0D42C40EB930087BCFB /* FourthViewController.swift in Sources */ = {isa = PBXBuildFile; fileRef = 7EABB0D32C40EB930087BCFB /* FourthViewController.swift */; };
/* End PBXBuildFile section */

/* Begin PBXContainerItemProxy section */
		7EABB0B32C40E78E0087BCFB /* PBXContainerItemProxy */ = {
			isa = PBXContainerItemProxy;
			containerPortal = 7EABB0942C40E78D0087BCFB /* Project object */;
			proxyType = 1;
			remoteGlobalIDString = 7EABB09B2C40E78D0087BCFB;
			remoteInfo = UnwindSegue;
		};
		7EABB0BD2C40E78E0087BCFB /* PBXContainerItemProxy */ = {
			isa = PBXContainerItemProxy;
			containerPortal = 7EABB0942C40E78D0087BCFB /* Project object */;
			proxyType = 1;
			remoteGlobalIDString = 7EABB09B2C40E78D0087BCFB;
			remoteInfo = UnwindSegue;
		};
/* End PBXContainerItemProxy section */

/* Begin PBXFileReference section */
		7EABB09C2C40E78D0087BCFB /* UnwindSegue.app */ = {isa = PBXFileReference; explicitFileType = wrapper.application; includeInIndex = 0; path = UnwindSegue.app; sourceTree = BUILT_PRODUCTS_DIR; };
		7EABB09F2C40E78D0087BCFB /* AppDelegate.swift */ = {isa = PBXFileReference; lastKnownFileType = sourcecode.swift; path = AppDelegate.swift; sourceTree = "<group>"; };
		7EABB0A12C40E78D0087BCFB /* SceneDelegate.swift */ = {isa = PBXFileReference; lastKnownFileType = sourcecode.swift; path = SceneDelegate.swift; sourceTree = "<group>"; };
		7EABB0A32C40E78D0087BCFB /* ViewController.swift */ = {isa = PBXFileReference; lastKnownFileType = sourcecode.swift; path = ViewController.swift; sourceTree = "<group>"; };
		7EABB0A62C40E78D0087BCFB /* Base */ = {isa = PBXFileReference; lastKnownFileType = file.storyboard; name = Base; path = Base.lproj/Main.storyboard; sourceTree = "<group>"; };
		7EABB0A82C40E78E0087BCFB /* Assets.xcassets */ = {isa = PBXFileReference; lastKnownFileType = folder.assetcatalog; path = Assets.xcassets; sourceTree = "<group>"; };
		7EABB0AB2C40E78E0087BCFB /* Base */ = {isa = PBXFileReference; lastKnownFileType = file.storyboard; name = Base; path = Base.lproj/LaunchScreen.storyboard; sourceTree = "<group>"; };
		7EABB0AD2C40E78E0087BCFB /* Info.plist */ = {isa = PBXFileReference; lastKnownFileType = text.plist.xml; path = Info.plist; sourceTree = "<group>"; };
		7EABB0B22C40E78E0087BCFB /* UnwindSegueTests.xctest */ = {isa = PBXFileReference; explicitFileType = wrapper.cfbundle; includeInIndex = 0; path = UnwindSegueTests.xctest; sourceTree = BUILT_PRODUCTS_DIR; };
		7EABB0B62C40E78E0087BCFB /* UnwindSegueTests.swift */ = {isa = PBXFileReference; lastKnownFileType = sourcecode.swift; path = UnwindSegueTests.swift; sourceTree = "<group>"; };
		7EABB0BC2C40E78E0087BCFB /* UnwindSegueUITests.xctest */ = {isa = PBXFileReference; explicitFileType = wrapper.cfbundle; includeInIndex = 0; path = UnwindSegueUITests.xctest; sourceTree = BUILT_PRODUCTS_DIR; };
		7EABB0C02C40E78E0087BCFB /* UnwindSegueUITests.swift */ = {isa = PBXFileReference; lastKnownFileType = sourcecode.swift; path = UnwindSegueUITests.swift; sourceTree = "<group>"; };
		7EABB0C22C40E78E0087BCFB /* UnwindSegueUITestsLaunchTests.swift */ = {isa = PBXFileReference; lastKnownFileType = sourcecode.swift; path = UnwindSegueUITestsLaunchTests.swift; sourceTree = "<group>"; };
		7EABB0CF2C40EB6B0087BCFB /* SecondvcViewController.swift */ = {isa = PBXFileReference; lastKnownFileType = sourcecode.swift; path = SecondvcViewController.swift; sourceTree = "<group>"; };
		7EABB0D12C40EB870087BCFB /* ThirdViewController.swift */ = {isa = PBXFileReference; lastKnownFileType = sourcecode.swift; path = ThirdViewController.swift; sourceTree = "<group>"; };
		7EABB0D32C40EB930087BCFB /* FourthViewController.swift */ = {isa = PBXFileReference; lastKnownFileType = sourcecode.swift; path = FourthViewController.swift; sourceTree = "<group>"; };
/* End PBXFileReference section */

/* Begin PBXFrameworksBuildPhase section */
		7EABB0992C40E78D0087BCFB /* Frameworks */ = {
			isa = PBXFrameworksBuildPhase;
			buildActionMask = 2147483647;
			files = (
			);
			runOnlyForDeploymentPostprocessing = 0;
		};
		7EABB0AF2C40E78E0087BCFB /* Frameworks */ = {
			isa = PBXFrameworksBuildPhase;
			buildActionMask = 2147483647;
			files = (
			);
			runOnlyForDeploymentPostprocessing = 0;
		};
		7EABB0B92C40E78E0087BCFB /* Frameworks */ = {
			isa = PBXFrameworksBuildPhase;
			buildActionMask = 2147483647;
			files = (
			);
			runOnlyForDeploymentPostprocessing = 0;
		};
/* End PBXFrameworksBuildPhase section */

/* Begin PBXGroup section */
		7EABB0932C40E78D0087BCFB = {
			isa = PBXGroup;
			children = (
				7EABB09E2C40E78D0087BCFB /* UnwindSegue */,
				7EABB0B52C40E78E0087BCFB /* UnwindSegueTests */,
				7EABB0BF2C40E78E0087BCFB /* UnwindSegueUITests */,
				7EABB09D2C40E78D0087BCFB /* Products */,
			);
			sourceTree = "<group>";
		};
		7EABB09D2C40E78D0087BCFB /* Products */ = {
			isa = PBXGroup;
			children = (
				7EABB09C2C40E78D0087BCFB /* UnwindSegue.app */,
				7EABB0B22C40E78E0087BCFB /* UnwindSegueTests.xctest */,
				7EABB0BC2C40E78E0087BCFB /* UnwindSegueUITests.xctest */,
			);
			name = Products;
			sourceTree = "<group>";
		};
		7EABB09E2C40E78D0087BCFB /* UnwindSegue */ = {
			isa = PBXGroup;
			children = (
				7EABB09F2C40E78D0087BCFB /* AppDelegate.swift */,
				7EABB0A12C40E78D0087BCFB /* SceneDelegate.swift */,
				7EABB0A32C40E78D0087BCFB /* ViewController.swift */,
				7EABB0A52C40E78D0087BCFB /* Main.storyboard */,
				7EABB0A82C40E78E0087BCFB /* Assets.xcassets */,
				7EABB0AA2C40E78E0087BCFB /* LaunchScreen.storyboard */,
				7EABB0AD2C40E78E0087BCFB /* Info.plist */,
				7EABB0CF2C40EB6B0087BCFB /* SecondvcViewController.swift */,
				7EABB0D12C40EB870087BCFB /* ThirdViewController.swift */,
				7EABB0D32C40EB930087BCFB /* FourthViewController.swift */,
			);
			path = UnwindSegue;
			sourceTree = "<group>";
		};
		7EABB0B52C40E78E0087BCFB /* UnwindSegueTests */ = {
			isa = PBXGroup;
			children = (
				7EABB0B62C40E78E0087BCFB /* UnwindSegueTests.swift */,
			);
			path = UnwindSegueTests;
			sourceTree = "<group>";
		};
		7EABB0BF2C40E78E0087BCFB /* UnwindSegueUITests */ = {
			isa = PBXGroup;
			children = (
				7EABB0C02C40E78E0087BCFB /* UnwindSegueUITests.swift */,
				7EABB0C22C40E78E0087BCFB /* UnwindSegueUITestsLaunchTests.swift */,
			);
			path = UnwindSegueUITests;
			sourceTree = "<group>";
		};
/* End PBXGroup section */

/* Begin PBXNativeTarget section */
		7EABB09B2C40E78D0087BCFB /* UnwindSegue */ = {
			isa = PBXNativeTarget;
			buildConfigurationList = 7EABB0C62C40E78E0087BCFB /* Build configuration list for PBXNativeTarget "UnwindSegue" */;
			buildPhases = (
				7EABB0982C40E78D0087BCFB /* Sources */,
				7EABB0992C40E78D0087BCFB /* Frameworks */,
				7EABB09A2C40E78D0087BCFB /* Resources */,
			);
			buildRules = (
			);
			dependencies = (
			);
			name = UnwindSegue;
			productName = UnwindSegue;
			productReference = 7EABB09C2C40E78D0087BCFB /* UnwindSegue.app */;
			productType = "com.apple.product-type.application";
		};
		7EABB0B12C40E78E0087BCFB /* UnwindSegueTests */ = {
			isa = PBXNativeTarget;
			buildConfigurationList = 7EABB0C92C40E78E0087BCFB /* Build configuration list for PBXNativeTarget "UnwindSegueTests" */;
			buildPhases = (
				7EABB0AE2C40E78E0087BCFB /* Sources */,
				7EABB0AF2C40E78E0087BCFB /* Frameworks */,
				7EABB0B02C40E78E0087BCFB /* Resources */,
			);
			buildRules = (
			);
			dependencies = (
				7EABB0B42C40E78E0087BCFB /* PBXTargetDependency */,
			);
			name = UnwindSegueTests;
			productName = UnwindSegueTests;
			productReference = 7EABB0B22C40E78E0087BCFB /* UnwindSegueTests.xctest */;
			productType = "com.apple.product-type.bundle.unit-test";
		};
		7EABB0BB2C40E78E0087BCFB /* UnwindSegueUITests */ = {
			isa = PBXNativeTarget;
			buildConfigurationList = 7EABB0CC2C40E78E0087BCFB /* Build configuration list for PBXNativeTarget "UnwindSegueUITests" */;
			buildPhases = (
				7EABB0B82C40E78E0087BCFB /* Sources */,
				7EABB0B92C40E78E0087BCFB /* Frameworks */,
				7EABB0BA2C40E78E0087BCFB /* Resources */,
			);
			buildRules = (
			);
			dependencies = (
				7EABB0BE2C40E78E0087BCFB /* PBXTargetDependency */,
			);
			name = UnwindSegueUITests;
			productName = UnwindSegueUITests;
			productReference = 7EABB0BC2C40E78E0087BCFB /* UnwindSegueUITests.xctest */;
			productType = "com.apple.product-type.bundle.ui-testing";
		};
/* End PBXNativeTarget section */

/* Begin PBXProject section */
		7EABB0942C40E78D0087BCFB /* Project object */ = {
			isa = PBXProject;
			attributes = {
				BuildIndependentTargetsInParallel = 1;
				LastSwiftUpdateCheck = 1500;
				LastUpgradeCheck = 1500;
				TargetAttributes = {
					7EABB09B2C40E78D0087BCFB = {
						CreatedOnToolsVersion = 15.0.1;
					};
					7EABB0B12C40E78E0087BCFB = {
						CreatedOnToolsVersion = 15.0.1;
						TestTargetID = 7EABB09B2C40E78D0087BCFB;
					};
					7EABB0BB2C40E78E0087BCFB = {
						CreatedOnToolsVersion = 15.0.1;
						TestTargetID = 7EABB09B2C40E78D0087BCFB;
					};
				};
			};
			buildConfigurationList = 7EABB0972C40E78D0087BCFB /* Build configuration list for PBXProject "UnwindSegue" */;
			compatibilityVersion = "Xcode 14.0";
			developmentRegion = en;
			hasScannedForEncodings = 0;
			knownRegions = (
				en,
				Base,
			);
			mainGroup = 7EABB0932C40E78D0087BCFB;
			productRefGroup = 7EABB09D2C40E78D0087BCFB /* Products */;
			projectDirPath = "";
			projectRoot = "";
			targets = (
				7EABB09B2C40E78D0087BCFB /* UnwindSegue */,
				7EABB0B12C40E78E0087BCFB /* UnwindSegueTests */,
				7EABB0BB2C40E78E0087BCFB /* UnwindSegueUITests */,
			);
		};
/* End PBXProject section */

/* Begin PBXResourcesBuildPhase section */
		7EABB09A2C40E78D0087BCFB /* Resources */ = {
			isa = PBXResourcesBuildPhase;
			buildActionMask = 2147483647;
			files = (
				7EABB0AC2C40E78E0087BCFB /* LaunchScreen.storyboard in Resources */,
				7EABB0A92C40E78E0087BCFB /* Assets.xcassets in Resources */,
				7EABB0A72C40E78D0087BCFB /* Main.storyboard in Resources */,
			);
			runOnlyForDeploymentPostprocessing = 0;
		};
		7EABB0B02C40E78E0087BCFB /* Resources */ = {
			isa = PBXResourcesBuildPhase;
			buildActionMask = 2147483647;
			files = (
			);
			runOnlyForDeploymentPostprocessing = 0;
		};
		7EABB0BA2C40E78E0087BCFB /* Resources */ = {
			isa = PBXResourcesBuildPhase;
			buildActionMask = 2147483647;
			files = (
			);
			runOnlyForDeploymentPostprocessing = 0;
		};
/* End PBXResourcesBuildPhase section */

/* Begin PBXSourcesBuildPhase section */
		7EABB0982C40E78D0087BCFB /* Sources */ = {
			isa = PBXSourcesBuildPhase;
			buildActionMask = 2147483647;
			files = (
				7EABB0D42C40EB930087BCFB /* FourthViewController.swift in Sources */,
				7EABB0A42C40E78D0087BCFB /* ViewController.swift in Sources */,
				7EABB0A02C40E78D0087BCFB /* AppDelegate.swift in Sources */,
				7EABB0D22C40EB870087BCFB /* ThirdViewController.swift in Sources */,
				7EABB0A22C40E78D0087BCFB /* SceneDelegate.swift in Sources */,
				7EABB0D02C40EB6B0087BCFB /* SecondvcViewController.swift in Sources */,
			);
			runOnlyForDeploymentPostprocessing = 0;
		};
		7EABB0AE2C40E78E0087BCFB /* Sources */ = {
			isa = PBXSourcesBuildPhase;
			buildActionMask = 2147483647;
			files = (
				7EABB0B72C40E78E0087BCFB /* UnwindSegueTests.swift in Sources */,
			);
			runOnlyForDeploymentPostprocessing = 0;
		};
		7EABB0B82C40E78E0087BCFB /* Sources */ = {
			isa = PBXSourcesBuildPhase;
			buildActionMask = 2147483647;
			files = (
				7EABB0C12C40E78E0087BCFB /* UnwindSegueUITests.swift in Sources */,
				7EABB0C32C40E78E0087BCFB /* UnwindSegueUITestsLaunchTests.swift in Sources */,
			);
			runOnlyForDeploymentPostprocessing = 0;
		};
/* End PBXSourcesBuildPhase section */

/* Begin PBXTargetDependency section */
		7EABB0B42C40E78E0087BCFB /* PBXTargetDependency */ = {
			isa = PBXTargetDependency;
			target = 7EABB09B2C40E78D0087BCFB /* UnwindSegue */;
			targetProxy = 7EABB0B32C40E78E0087BCFB /* PBXContainerItemProxy */;
		};
		7EABB0BE2C40E78E0087BCFB /* PBXTargetDependency */ = {
			isa = PBXTargetDependency;
			target = 7EABB09B2C40E78D0087BCFB /* UnwindSegue */;
			targetProxy = 7EABB0BD2C40E78E0087BCFB /* PBXContainerItemProxy */;
		};
/* End PBXTargetDependency section */

/* Begin PBXVariantGroup section */
		7EABB0A52C40E78D0087BCFB /* Main.storyboard */ = {
			isa = PBXVariantGroup;
			children = (
				7EABB0A62C40E78D0087BCFB /* Base */,
			);
			name = Main.storyboard;
			sourceTree = "<group>";
		};
		7EABB0AA2C40E78E0087BCFB /* LaunchScreen.storyboard */ = {
			isa = PBXVariantGroup;
			children = (
				7EABB0AB2C40E78E0087BCFB /* Base */,
			);
			name = LaunchScreen.storyboard;
			sourceTree = "<group>";
		};
/* End PBXVariantGroup section */

/* Begin XCBuildConfiguration section */
		7EABB0C42C40E78E0087BCFB /* Debug */ = {
			isa = XCBuildConfiguration;
			buildSettings = {
				ALWAYS_SEARCH_USER_PATHS = NO;
				ASSETCATALOG_COMPILER_GENERATE_SWIFT_ASSET_SYMBOL_EXTENSIONS = YES;
				CLANG_ANALYZER_NONNULL = YES;
				CLANG_ANALYZER_NUMBER_OBJECT_CONVERSION = YES_AGGRESSIVE;
				CLANG_CXX_LANGUAGE_STANDARD = "gnu++20";
				CLANG_ENABLE_MODULES = YES;
				CLANG_ENABLE_OBJC_ARC = YES;
				CLANG_ENABLE_OBJC_WEAK = YES;
				CLANG_WARN_BLOCK_CAPTURE_AUTORELEASING = YES;
				CLANG_WARN_BOOL_CONVERSION = YES;
				CLANG_WARN_COMMA = YES;
				CLANG_WARN_CONSTANT_CONVERSION = YES;
				CLANG_WARN_DEPRECATED_OBJC_IMPLEMENTATIONS = YES;
				CLANG_WARN_DIRECT_OBJC_ISA_USAGE = YES_ERROR;
				CLANG_WARN_DOCUMENTATION_COMMENTS = YES;
				CLANG_WARN_EMPTY_BODY = YES;
				CLANG_WARN_ENUM_CONVERSION = YES;
				CLANG_WARN_INFINITE_RECURSION = YES;
				CLANG_WARN_INT_CONVERSION = YES;
				CLANG_WARN_NON_LITERAL_NULL_CONVERSION = YES;
				CLANG_WARN_OBJC_IMPLICIT_RETAIN_SELF = YES;
				CLANG_WARN_OBJC_LITERAL_CONVERSION = YES;
				CLANG_WARN_OBJC_ROOT_CLASS = YES_ERROR;
				CLANG_WARN_QUOTED_INCLUDE_IN_FRAMEWORK_HEADER = YES;
				CLANG_WARN_RANGE_LOOP_ANALYSIS = YES;
				CLANG_WARN_STRICT_PROTOTYPES = YES;
				CLANG_WARN_SUSPICIOUS_MOVE = YES;
				CLANG_WARN_UNGUARDED_AVAILABILITY = YES_AGGRESSIVE;
				CLANG_WARN_UNREACHABLE_CODE = YES;
				CLANG_WARN__DUPLICATE_METHOD_MATCH = YES;
				COPY_PHASE_STRIP = NO;
				DEBUG_INFORMATION_FORMAT = dwarf;
				ENABLE_STRICT_OBJC_MSGSEND = YES;
				ENABLE_TESTABILITY = YES;
				ENABLE_USER_SCRIPT_SANDBOXING = YES;
				GCC_C_LANGUAGE_STANDARD = gnu17;
				GCC_DYNAMIC_NO_PIC = NO;
				GCC_NO_COMMON_BLOCKS = YES;
				GCC_OPTIMIZATION_LEVEL = 0;
				GCC_PREPROCESSOR_DEFINITIONS = (
					"DEBUG=1",
					"$(inherited)",
				);
				GCC_WARN_64_TO_32_BIT_CONVERSION = YES;
				GCC_WARN_ABOUT_RETURN_TYPE = YES_ERROR;
				GCC_WARN_UNDECLARED_SELECTOR = YES;
				GCC_WARN_UNINITIALIZED_AUTOS = YES_AGGRESSIVE;
				GCC_WARN_UNUSED_FUNCTION = YES;
				GCC_WARN_UNUSED_VARIABLE = YES;
				IPHONEOS_DEPLOYMENT_TARGET = 17.0;
				LOCALIZATION_PREFERS_STRING_CATALOGS = YES;
				MTL_ENABLE_DEBUG_INFO = INCLUDE_SOURCE;
				MTL_FAST_MATH = YES;
				ONLY_ACTIVE_ARCH = YES;
				SDKROOT = iphoneos;
				SWIFT_ACTIVE_COMPILATION_CONDITIONS = "DEBUG $(inherited)";
				SWIFT_OPTIMIZATION_LEVEL = "-Onone";
			};
			name = Debug;
		};
		7EABB0C52C40E78E0087BCFB /* Release */ = {
			isa = XCBuildConfiguration;
			buildSettings = {
				ALWAYS_SEARCH_USER_PATHS = NO;
				ASSETCATALOG_COMPILER_GENERATE_SWIFT_ASSET_SYMBOL_EXTENSIONS = YES;
				CLANG_ANALYZER_NONNULL = YES;
				CLANG_ANALYZER_NUMBER_OBJECT_CONVERSION = YES_AGGRESSIVE;
				CLANG_CXX_LANGUAGE_STANDARD = "gnu++20";
				CLANG_ENABLE_MODULES = YES;
				CLANG_ENABLE_OBJC_ARC = YES;
				CLANG_ENABLE_OBJC_WEAK = YES;
				CLANG_WARN_BLOCK_CAPTURE_AUTORELEASING = YES;
				CLANG_WARN_BOOL_CONVERSION = YES;
				CLANG_WARN_COMMA = YES;
				CLANG_WARN_CONSTANT_CONVERSION = YES;
				CLANG_WARN_DEPRECATED_OBJC_IMPLEMENTATIONS = YES;
				CLANG_WARN_DIRECT_OBJC_ISA_USAGE = YES_ERROR;
				CLANG_WARN_DOCUMENTATION_COMMENTS = YES;
				CLANG_WARN_EMPTY_BODY = YES;
				CLANG_WARN_ENUM_CONVERSION = YES;
				CLANG_WARN_INFINITE_RECURSION = YES;
				CLANG_WARN_INT_CONVERSION = YES;
				CLANG_WARN_NON_LITERAL_NULL_CONVERSION = YES;
				CLANG_WARN_OBJC_IMPLICIT_RETAIN_SELF = YES;
				CLANG_WARN_OBJC_LITERAL_CONVERSION = YES;
				CLANG_WARN_OBJC_ROOT_CLASS = YES_ERROR;
				CLANG_WARN_QUOTED_INCLUDE_IN_FRAMEWORK_HEADER = YES;
				CLANG_WARN_RANGE_LOOP_ANALYSIS = YES;
				CLANG_WARN_STRICT_PROTOTYPES = YES;
				CLANG_WARN_SUSPICIOUS_MOVE = YES;
				CLANG_WARN_UNGUARDED_AVAILABILITY = YES_AGGRESSIVE;
				CLANG_WARN_UNREACHABLE_CODE = YES;
				CLANG_WARN__DUPLICATE_METHOD_MATCH = YES;
				COPY_PHASE_STRIP = NO;
				DEBUG_INFORMATION_FORMAT = "dwarf-with-dsym";
				ENABLE_NS_ASSERTIONS = NO;
				ENABLE_STRICT_OBJC_MSGSEND = YES;
				ENABLE_USER_SCRIPT_SANDBOXING = YES;
				GCC_C_LANGUAGE_STANDARD = gnu17;
				GCC_NO_COMMON_BLOCKS = YES;
				GCC_WARN_64_TO_32_BIT_CONVERSION = YES;
				GCC_WARN_ABOUT_RETURN_TYPE = YES_ERROR;
				GCC_WARN_UNDECLARED_SELECTOR = YES;
				GCC_WARN_UNINITIALIZED_AUTOS = YES_AGGRESSIVE;
				GCC_WARN_UNUSED_FUNCTION = YES;
				GCC_WARN_UNUSED_VARIABLE = YES;
				IPHONEOS_DEPLOYMENT_TARGET = 17.0;
				LOCALIZATION_PREFERS_STRING_CATALOGS = YES;
				MTL_ENABLE_DEBUG_INFO = NO;
				MTL_FAST_MATH = YES;
				SDKROOT = iphoneos;
				SWIFT_COMPILATION_MODE = wholemodule;
				VALIDATE_PRODUCT = YES;
			};
			name = Release;
		};
		7EABB0C72C40E78E0087BCFB /* Debug */ = {
			isa = XCBuildConfiguration;
			buildSettings = {
				ASSETCATALOG_COMPILER_APPICON_NAME = AppIcon;
				ASSETCATALOG_COMPILER_GLOBAL_ACCENT_COLOR_NAME = AccentColor;
				CODE_SIGN_STYLE = Automatic;
				CURRENT_PROJECT_VERSION = 1;
				GENERATE_INFOPLIST_FILE = YES;
				INFOPLIST_FILE = UnwindSegue/Info.plist;
				INFOPLIST_KEY_UIApplicationSupportsIndirectInputEvents = YES;
				INFOPLIST_KEY_UILaunchStoryboardName = LaunchScreen;
				INFOPLIST_KEY_UIMainStoryboardFile = Main;
				INFOPLIST_KEY_UISupportedInterfaceOrientations_iPad = "UIInterfaceOrientationPortrait UIInterfaceOrientationPortraitUpsideDown UIInterfaceOrientationLandscapeLeft UIInterfaceOrientationLandscapeRight";
				INFOPLIST_KEY_UISupportedInterfaceOrientations_iPhone = "UIInterfaceOrientationPortrait UIInterfaceOrientationLandscapeLeft UIInterfaceOrientationLandscapeRight";
				LD_RUNPATH_SEARCH_PATHS = (
					"$(inherited)",
					"@executable_path/Frameworks",
				);
				MARKETING_VERSION = 1.0;
				PRODUCT_BUNDLE_IDENTIFIER = co.check.UnwindSegue;
				PRODUCT_NAME = "$(TARGET_NAME)";
				SWIFT_EMIT_LOC_STRINGS = YES;
				SWIFT_VERSION = 5.0;
				TARGETED_DEVICE_FAMILY = "1,2";
			};
			name = Debug;
		};
		7EABB0C82C40E78E0087BCFB /* Release */ = {
			isa = XCBuildConfiguration;
			buildSettings = {
				ASSETCATALOG_COMPILER_APPICON_NAME = AppIcon;
				ASSETCATALOG_COMPILER_GLOBAL_ACCENT_COLOR_NAME = AccentColor;
				CODE_SIGN_STYLE = Automatic;
				CURRENT_PROJECT_VERSION = 1;
				GENERATE_INFOPLIST_FILE = YES;
				INFOPLIST_FILE = UnwindSegue/Info.plist;
				INFOPLIST_KEY_UIApplicationSupportsIndirectInputEvents = YES;
				INFOPLIST_KEY_UILaunchStoryboardName = LaunchScreen;
				INFOPLIST_KEY_UIMainStoryboardFile = Main;
				INFOPLIST_KEY_UISupportedInterfaceOrientations_iPad = "UIInterfaceOrientationPortrait UIInterfaceOrientationPortraitUpsideDown UIInterfaceOrientationLandscapeLeft UIInterfaceOrientationLandscapeRight";
				INFOPLIST_KEY_UISupportedInterfaceOrientations_iPhone = "UIInterfaceOrientationPortrait UIInterfaceOrientationLandscapeLeft UIInterfaceOrientationLandscapeRight";
				LD_RUNPATH_SEARCH_PATHS = (
					"$(inherited)",
					"@executable_path/Frameworks",
				);
				MARKETING_VERSION = 1.0;
				PRODUCT_BUNDLE_IDENTIFIER = co.check.UnwindSegue;
				PRODUCT_NAME = "$(TARGET_NAME)";
				SWIFT_EMIT_LOC_STRINGS = YES;
				SWIFT_VERSION = 5.0;
				TARGETED_DEVICE_FAMILY = "1,2";
			};
			name = Release;
		};
		7EABB0CA2C40E78E0087BCFB /* Debug */ = {
			isa = XCBuildConfiguration;
			buildSettings = {
				ALWAYS_EMBED_SWIFT_STANDARD_LIBRARIES = YES;
				BUNDLE_LOADER = "$(TEST_HOST)";
				CODE_SIGN_STYLE = Automatic;
				CURRENT_PROJECT_VERSION = 1;
				GENERATE_INFOPLIST_FILE = YES;
				IPHONEOS_DEPLOYMENT_TARGET = 17.0;
				MARKETING_VERSION = 1.0;
				PRODUCT_BUNDLE_IDENTIFIER = co.check.UnwindSegueTests;
				PRODUCT_NAME = "$(TARGET_NAME)";
				SWIFT_EMIT_LOC_STRINGS = NO;
				SWIFT_VERSION = 5.0;
				TARGETED_DEVICE_FAMILY = "1,2";
				TEST_HOST = "$(BUILT_PRODUCTS_DIR)/UnwindSegue.app/$(BUNDLE_EXECUTABLE_FOLDER_PATH)/UnwindSegue";
			};
			name = Debug;
		};
		7EABB0CB2C40E78E0087BCFB /* Release */ = {
			isa = XCBuildConfiguration;
			buildSettings = {
				ALWAYS_EMBED_SWIFT_STANDARD_LIBRARIES = YES;
				BUNDLE_LOADER = "$(TEST_HOST)";
				CODE_SIGN_STYLE = Automatic;
				CURRENT_PROJECT_VERSION = 1;
				GENERATE_INFOPLIST_FILE = YES;
				IPHONEOS_DEPLOYMENT_TARGET = 17.0;
				MARKETING_VERSION = 1.0;
				PRODUCT_BUNDLE_IDENTIFIER = co.check.UnwindSegueTests;
				PRODUCT_NAME = "$(TARGET_NAME)";
				SWIFT_EMIT_LOC_STRINGS = NO;
				SWIFT_VERSION = 5.0;
				TARGETED_DEVICE_FAMILY = "1,2";
				TEST_HOST = "$(BUILT_PRODUCTS_DIR)/UnwindSegue.app/$(BUNDLE_EXECUTABLE_FOLDER_PATH)/UnwindSegue";
			};
			name = Release;
		};
		7EABB0CD2C40E78E0087BCFB /* Debug */ = {
			isa = XCBuildConfiguration;
			buildSettings = {
				ALWAYS_EMBED_SWIFT_STANDARD_LIBRARIES = YES;
				CODE_SIGN_STYLE = Automatic;
				CURRENT_PROJECT_VERSION = 1;
				GENERATE_INFOPLIST_FILE = YES;
				MARKETING_VERSION = 1.0;
				PRODUCT_BUNDLE_IDENTIFIER = co.check.UnwindSegueUITests;
				PRODUCT_NAME = "$(TARGET_NAME)";
				SWIFT_EMIT_LOC_STRINGS = NO;
				SWIFT_VERSION = 5.0;
				TARGETED_DEVICE_FAMILY = "1,2";
				TEST_TARGET_NAME = UnwindSegue;
			};
			name = Debug;
		};
		7EABB0CE2C40E78E0087BCFB /* Release */ = {
			isa = XCBuildConfiguration;
			buildSettings = {
				ALWAYS_EMBED_SWIFT_STANDARD_LIBRARIES = YES;
				CODE_SIGN_STYLE = Automatic;
				CURRENT_PROJECT_VERSION = 1;
				GENERATE_INFOPLIST_FILE = YES;
				MARKETING_VERSION = 1.0;
				PRODUCT_BUNDLE_IDENTIFIER = co.check.UnwindSegueUITests;
				PRODUCT_NAME = "$(TARGET_NAME)";
				SWIFT_EMIT_LOC_STRINGS = NO;
				SWIFT_VERSION = 5.0;
				TARGETED_DEVICE_FAMILY = "1,2";
				TEST_TARGET_NAME = UnwindSegue;
			};
			name = Release;
		};
/* End XCBuildConfiguration section */

/* Begin XCConfigurationList section */
		7EABB0972C40E78D0087BCFB /* Build configuration list for PBXProject "UnwindSegue" */ = {
			isa = XCConfigurationList;
			buildConfigurations = (
				7EABB0C42C40E78E0087BCFB /* Debug */,
				7EABB0C52C40E78E0087BCFB /* Release */,
			);
			defaultConfigurationIsVisible = 0;
			defaultConfigurationName = Release;
		};
		7EABB0C62C40E78E0087BCFB /* Build configuration list for PBXNativeTarget "UnwindSegue" */ = {
			isa = XCConfigurationList;
			buildConfigurations = (
				7EABB0C72C40E78E0087BCFB /* Debug */,
				7EABB0C82C40E78E0087BCFB /* Release */,
			);
			defaultConfigurationIsVisible = 0;
			defaultConfigurationName = Release;
		};
		7EABB0C92C40E78E0087BCFB /* Build configuration list for PBXNativeTarget "UnwindSegueTests" */ = {
			isa = XCConfigurationList;
			buildConfigurations = (
				7EABB0CA2C40E78E0087BCFB /* Debug */,
				7EABB0CB2C40E78E0087BCFB /* Release */,
			);
			defaultConfigurationIsVisible = 0;
			defaultConfigurationName = Release;
		};
		7EABB0CC2C40E78E0087BCFB /* Build configuration list for PBXNativeTarget "UnwindSegueUITests" */ = {
			isa = XCConfigurationList;
			buildConfigurations = (
				7EABB0CD2C40E78E0087BCFB /* Debug */,
				7EABB0CE2C40E78E0087BCFB /* Release */,
			);
			defaultConfigurationIsVisible = 0;
			defaultConfigurationName = Release;
		};
/* End XCConfigurationList section */
	};
	rootObject = 7EABB0942C40E78D0087BCFB /* Project object */;
}
